// !$*UTF8*$!
{
	archiveVersion = 1;
	classes = {
	};
	objectVersion = 56;
	objects = {

/* Begin PBXBuildFile section */
		E41387DD29C4B55B000A07CC /* Infraestructure.framework in Frameworks */ = {isa = PBXBuildFile; fileRef = E41387D429C4B55B000A07CC /* Infraestructure.framework */; };
		E41387E229C4B55B000A07CC /* InfraestructureTests.swift in Sources */ = {isa = PBXBuildFile; fileRef = E41387E129C4B55B000A07CC /* InfraestructureTests.swift */; };
		E41387E329C4B55B000A07CC /* Infraestructure.h in Headers */ = {isa = PBXBuildFile; fileRef = E41387D729C4B55B000A07CC /* Infraestructure.h */; settings = {ATTRIBUTES = (Public, ); }; };
		E4568C4C29CA05910055A8E7 /* CoreDataService.swift in Sources */ = {isa = PBXBuildFile; fileRef = E4568C4B29CA05910055A8E7 /* CoreDataService.swift */; };
		E4568C4E29CA08450055A8E7 /* CoreDataManagerProtocol.swift in Sources */ = {isa = PBXBuildFile; fileRef = E4568C4D29CA08450055A8E7 /* CoreDataManagerProtocol.swift */; };
		E4568C5029CA09470055A8E7 /* CoreDataManager.swift in Sources */ = {isa = PBXBuildFile; fileRef = E4568C4F29CA09470055A8E7 /* CoreDataManager.swift */; };
		E4568C5529CA2BB50055A8E7 /* CoreDataRepository.swift in Sources */ = {isa = PBXBuildFile; fileRef = E4568C5429CA2BB50055A8E7 /* CoreDataRepository.swift */; };
		E4568C5D29CA344A0055A8E7 /* CoreData+Inject.swift in Sources */ = {isa = PBXBuildFile; fileRef = E4568C5C29CA344A0055A8E7 /* CoreData+Inject.swift */; };
		E4568C6329CA38970055A8E7 /* Resolver in Frameworks */ = {isa = PBXBuildFile; productRef = E4568C6229CA38970055A8E7 /* Resolver */; };
		E4568C6829CA49BD0055A8E7 /* RegisterVehiclesDB.xcdatamodeld in Sources */ = {isa = PBXBuildFile; fileRef = E4568C6629CA49BD0055A8E7 /* RegisterVehiclesDB.xcdatamodeld */; };
		E4568C6A29CA56B20055A8E7 /* VehicleWrapper.swift in Sources */ = {isa = PBXBuildFile; fileRef = E4568C6929CA56B20055A8E7 /* VehicleWrapper.swift */; };
/* End PBXBuildFile section */

/* Begin PBXContainerItemProxy section */
		E41387DE29C4B55B000A07CC /* PBXContainerItemProxy */ = {
			isa = PBXContainerItemProxy;
			containerPortal = E41387CB29C4B55B000A07CC /* Project object */;
			proxyType = 1;
			remoteGlobalIDString = E41387D329C4B55B000A07CC;
			remoteInfo = Infraestructure;
		};
/* End PBXContainerItemProxy section */

/* Begin PBXFileReference section */
		E41387D429C4B55B000A07CC /* Infraestructure.framework */ = {isa = PBXFileReference; explicitFileType = wrapper.framework; includeInIndex = 0; path = Infraestructure.framework; sourceTree = BUILT_PRODUCTS_DIR; };
		E41387D729C4B55B000A07CC /* Infraestructure.h */ = {isa = PBXFileReference; lastKnownFileType = sourcecode.c.h; path = Infraestructure.h; sourceTree = "<group>"; };
		E41387DC29C4B55B000A07CC /* InfraestructureTests.xctest */ = {isa = PBXFileReference; explicitFileType = wrapper.cfbundle; includeInIndex = 0; path = InfraestructureTests.xctest; sourceTree = BUILT_PRODUCTS_DIR; };
		E41387E129C4B55B000A07CC /* InfraestructureTests.swift */ = {isa = PBXFileReference; lastKnownFileType = sourcecode.swift; path = InfraestructureTests.swift; sourceTree = "<group>"; };
		E4568C3A29C9FBA30055A8E7 /* Realm.framework */ = {isa = PBXFileReference; explicitFileType = wrapper.framework; path = Realm.framework; sourceTree = BUILT_PRODUCTS_DIR; };
		E4568C3E29C9FE3E0055A8E7 /* RealmSwift.framework */ = {isa = PBXFileReference; explicitFileType = wrapper.framework; path = RealmSwift.framework; sourceTree = BUILT_PRODUCTS_DIR; };
		E4568C4B29CA05910055A8E7 /* CoreDataService.swift */ = {isa = PBXFileReference; lastKnownFileType = sourcecode.swift; path = CoreDataService.swift; sourceTree = "<group>"; };
		E4568C4D29CA08450055A8E7 /* CoreDataManagerProtocol.swift */ = {isa = PBXFileReference; lastKnownFileType = sourcecode.swift; path = CoreDataManagerProtocol.swift; sourceTree = "<group>"; };
		E4568C4F29CA09470055A8E7 /* CoreDataManager.swift */ = {isa = PBXFileReference; lastKnownFileType = sourcecode.swift; path = CoreDataManager.swift; sourceTree = "<group>"; };
		E4568C5429CA2BB50055A8E7 /* CoreDataRepository.swift */ = {isa = PBXFileReference; lastKnownFileType = sourcecode.swift; path = CoreDataRepository.swift; sourceTree = "<group>"; };
		E4568C5C29CA344A0055A8E7 /* CoreData+Inject.swift */ = {isa = PBXFileReference; lastKnownFileType = sourcecode.swift; path = "CoreData+Inject.swift"; sourceTree = "<group>"; };
		E4568C6729CA49BD0055A8E7 /* RegisterVehiclesDB.xcdatamodel */ = {isa = PBXFileReference; lastKnownFileType = wrapper.xcdatamodel; path = RegisterVehiclesDB.xcdatamodel; sourceTree = "<group>"; };
		E4568C6929CA56B20055A8E7 /* VehicleWrapper.swift */ = {isa = PBXFileReference; lastKnownFileType = sourcecode.swift; path = VehicleWrapper.swift; sourceTree = "<group>"; };
/* End PBXFileReference section */

/* Begin PBXFrameworksBuildPhase section */
		E41387D129C4B55B000A07CC /* Frameworks */ = {
			isa = PBXFrameworksBuildPhase;
			buildActionMask = 2147483647;
			files = (
				E4568C6329CA38970055A8E7 /* Resolver in Frameworks */,
			);
			runOnlyForDeploymentPostprocessing = 0;
		};
		E41387D929C4B55B000A07CC /* Frameworks */ = {
			isa = PBXFrameworksBuildPhase;
			buildActionMask = 2147483647;
			files = (
				E41387DD29C4B55B000A07CC /* Infraestructure.framework in Frameworks */,
			);
			runOnlyForDeploymentPostprocessing = 0;
		};
/* End PBXFrameworksBuildPhase section */

/* Begin PBXGroup section */
		E41387CA29C4B55B000A07CC = {
			isa = PBXGroup;
			children = (
				E41387D629C4B55B000A07CC /* Infraestructure */,
				E41387E029C4B55B000A07CC /* InfraestructureTests */,
				E41387D529C4B55B000A07CC /* Products */,
				E4568C3929C9FBA30055A8E7 /* Frameworks */,
			);
			sourceTree = "<group>";
		};
		E41387D529C4B55B000A07CC /* Products */ = {
			isa = PBXGroup;
			children = (
				E41387D429C4B55B000A07CC /* Infraestructure.framework */,
				E41387DC29C4B55B000A07CC /* InfraestructureTests.xctest */,
			);
			name = Products;
			sourceTree = "<group>";
		};
		E41387D629C4B55B000A07CC /* Infraestructure */ = {
			isa = PBXGroup;
			children = (
				E4568C5129CA15280055A8E7 /* UseCase */,
				E4568C4729CA03F20055A8E7 /* CoreData */,
				E4568C3629C9EE900055A8E7 /* Repository */,
				E41387D729C4B55B000A07CC /* Infraestructure.h */,
			);
			path = Infraestructure;
			sourceTree = "<group>";
		};
		E41387E029C4B55B000A07CC /* InfraestructureTests */ = {
			isa = PBXGroup;
			children = (
				E41387E129C4B55B000A07CC /* InfraestructureTests.swift */,
			);
			path = InfraestructureTests;
			sourceTree = "<group>";
		};
		E4568C3629C9EE900055A8E7 /* Repository */ = {
			isa = PBXGroup;
			children = (
				E4568C5429CA2BB50055A8E7 /* CoreDataRepository.swift */,
			);
			path = Repository;
			sourceTree = "<group>";
		};
		E4568C3929C9FBA30055A8E7 /* Frameworks */ = {
			isa = PBXGroup;
			children = (
				E4568C3E29C9FE3E0055A8E7 /* RealmSwift.framework */,
				E4568C3A29C9FBA30055A8E7 /* Realm.framework */,
			);
			name = Frameworks;
			sourceTree = "<group>";
		};
		E4568C4729CA03F20055A8E7 /* CoreData */ = {
			isa = PBXGroup;
			children = (
				E4568C4B29CA05910055A8E7 /* CoreDataService.swift */,
				E4568C4D29CA08450055A8E7 /* CoreDataManagerProtocol.swift */,
				E4568C4F29CA09470055A8E7 /* CoreDataManager.swift */,
				E4568C5C29CA344A0055A8E7 /* CoreData+Inject.swift */,
				E4568C6629CA49BD0055A8E7 /* RegisterVehiclesDB.xcdatamodeld */,
				E4568C6929CA56B20055A8E7 /* VehicleWrapper.swift */,
			);
			path = CoreData;
			sourceTree = "<group>";
		};
		E4568C5129CA15280055A8E7 /* UseCase */ = {
			isa = PBXGroup;
			children = (
			);
			path = UseCase;
			sourceTree = "<group>";
		};
/* End PBXGroup section */

/* Begin PBXHeadersBuildPhase section */
		E41387CF29C4B55B000A07CC /* Headers */ = {
			isa = PBXHeadersBuildPhase;
			buildActionMask = 2147483647;
			files = (
				E41387E329C4B55B000A07CC /* Infraestructure.h in Headers */,
			);
			runOnlyForDeploymentPostprocessing = 0;
		};
/* End PBXHeadersBuildPhase section */

/* Begin PBXNativeTarget section */
		E41387D329C4B55B000A07CC /* Infraestructure */ = {
			isa = PBXNativeTarget;
			buildConfigurationList = E41387E629C4B55B000A07CC /* Build configuration list for PBXNativeTarget "Infraestructure" */;
			buildPhases = (
				E41387CF29C4B55B000A07CC /* Headers */,
				E41387D029C4B55B000A07CC /* Sources */,
				E41387D129C4B55B000A07CC /* Frameworks */,
				E41387D229C4B55B000A07CC /* Resources */,
			);
			buildRules = (
			);
			dependencies = (
			);
			name = Infraestructure;
			packageProductDependencies = (
				E4568C6229CA38970055A8E7 /* Resolver */,
			);
			productName = Infraestructure;
			productReference = E41387D429C4B55B000A07CC /* Infraestructure.framework */;
			productType = "com.apple.product-type.framework";
		};
		E41387DB29C4B55B000A07CC /* InfraestructureTests */ = {
			isa = PBXNativeTarget;
			buildConfigurationList = E41387E929C4B55B000A07CC /* Build configuration list for PBXNativeTarget "InfraestructureTests" */;
			buildPhases = (
				E41387D829C4B55B000A07CC /* Sources */,
				E41387D929C4B55B000A07CC /* Frameworks */,
				E41387DA29C4B55B000A07CC /* Resources */,
			);
			buildRules = (
			);
			dependencies = (
				E41387DF29C4B55B000A07CC /* PBXTargetDependency */,
			);
			name = InfraestructureTests;
			productName = InfraestructureTests;
			productReference = E41387DC29C4B55B000A07CC /* InfraestructureTests.xctest */;
			productType = "com.apple.product-type.bundle.unit-test";
		};
/* End PBXNativeTarget section */

/* Begin PBXProject section */
		E41387CB29C4B55B000A07CC /* Project object */ = {
			isa = PBXProject;
			attributes = {
				BuildIndependentTargetsInParallel = 1;
				LastSwiftUpdateCheck = 1420;
				LastUpgradeCheck = 1420;
				TargetAttributes = {
					E41387D329C4B55B000A07CC = {
						CreatedOnToolsVersion = 14.2;
						LastSwiftMigration = 1420;
					};
					E41387DB29C4B55B000A07CC = {
						CreatedOnToolsVersion = 14.2;
					};
				};
			};
			buildConfigurationList = E41387CE29C4B55B000A07CC /* Build configuration list for PBXProject "Infraestructure" */;
			compatibilityVersion = "Xcode 14.0";
			developmentRegion = en;
			hasScannedForEncodings = 0;
			knownRegions = (
				en,
				Base,
			);
			mainGroup = E41387CA29C4B55B000A07CC;
			packageReferences = (
				E4568C6129CA38970055A8E7 /* XCRemoteSwiftPackageReference "Resolver" */,
			);
			productRefGroup = E41387D529C4B55B000A07CC /* Products */;
			projectDirPath = "";
			projectRoot = "";
			targets = (
				E41387D329C4B55B000A07CC /* Infraestructure */,
				E41387DB29C4B55B000A07CC /* InfraestructureTests */,
			);
		};
/* End PBXProject section */

/* Begin PBXResourcesBuildPhase section */
		E41387D229C4B55B000A07CC /* Resources */ = {
			isa = PBXResourcesBuildPhase;
			buildActionMask = 2147483647;
			files = (
			);
			runOnlyForDeploymentPostprocessing = 0;
		};
		E41387DA29C4B55B000A07CC /* Resources */ = {
			isa = PBXResourcesBuildPhase;
			buildActionMask = 2147483647;
			files = (
			);
			runOnlyForDeploymentPostprocessing = 0;
		};
/* End PBXResourcesBuildPhase section */

/* Begin PBXSourcesBuildPhase section */
		E41387D029C4B55B000A07CC /* Sources */ = {
			isa = PBXSourcesBuildPhase;
			buildActionMask = 2147483647;
			files = (
				E4568C6A29CA56B20055A8E7 /* VehicleWrapper.swift in Sources */,
				E4568C4E29CA08450055A8E7 /* CoreDataManagerProtocol.swift in Sources */,
				E4568C5D29CA344A0055A8E7 /* CoreData+Inject.swift in Sources */,
				E4568C4C29CA05910055A8E7 /* CoreDataService.swift in Sources */,
				E4568C5029CA09470055A8E7 /* CoreDataManager.swift in Sources */,
				E4568C6829CA49BD0055A8E7 /* RegisterVehiclesDB.xcdatamodeld in Sources */,
				E4568C5529CA2BB50055A8E7 /* CoreDataRepository.swift in Sources */,
			);
			runOnlyForDeploymentPostprocessing = 0;
		};
		E41387D829C4B55B000A07CC /* Sources */ = {
			isa = PBXSourcesBuildPhase;
			buildActionMask = 2147483647;
			files = (
				E41387E229C4B55B000A07CC /* InfraestructureTests.swift in Sources */,
			);
			runOnlyForDeploymentPostprocessing = 0;
		};
/* End PBXSourcesBuildPhase section */

/* Begin PBXTargetDependency section */
		E41387DF29C4B55B000A07CC /* PBXTargetDependency */ = {
			isa = PBXTargetDependency;
			target = E41387D329C4B55B000A07CC /* Infraestructure */;
			targetProxy = E41387DE29C4B55B000A07CC /* PBXContainerItemProxy */;
		};
/* End PBXTargetDependency section */

/* Begin XCBuildConfiguration section */
		E41387E429C4B55B000A07CC /* Debug */ = {
			isa = XCBuildConfiguration;
			buildSettings = {
				ALWAYS_SEARCH_USER_PATHS = NO;
				CLANG_ANALYZER_NONNULL = YES;
				CLANG_ANALYZER_NUMBER_OBJECT_CONVERSION = YES_AGGRESSIVE;
				CLANG_CXX_LANGUAGE_STANDARD = "gnu++20";
				CLANG_ENABLE_MODULES = YES;
				CLANG_ENABLE_OBJC_ARC = YES;
				CLANG_ENABLE_OBJC_WEAK = YES;
				CLANG_WARN_BLOCK_CAPTURE_AUTORELEASING = YES;
				CLANG_WARN_BOOL_CONVERSION = YES;
				CLANG_WARN_COMMA = YES;
				CLANG_WARN_CONSTANT_CONVERSION = YES;
				CLANG_WARN_DEPRECATED_OBJC_IMPLEMENTATIONS = YES;
				CLANG_WARN_DIRECT_OBJC_ISA_USAGE = YES_ERROR;
				CLANG_WARN_DOCUMENTATION_COMMENTS = YES;
				CLANG_WARN_EMPTY_BODY = YES;
				CLANG_WARN_ENUM_CONVERSION = YES;
				CLANG_WARN_INFINITE_RECURSION = YES;
				CLANG_WARN_INT_CONVERSION = YES;
				CLANG_WARN_NON_LITERAL_NULL_CONVERSION = YES;
				CLANG_WARN_OBJC_IMPLICIT_RETAIN_SELF = YES;
				CLANG_WARN_OBJC_LITERAL_CONVERSION = YES;
				CLANG_WARN_OBJC_ROOT_CLASS = YES_ERROR;
				CLANG_WARN_QUOTED_INCLUDE_IN_FRAMEWORK_HEADER = YES;
				CLANG_WARN_RANGE_LOOP_ANALYSIS = YES;
				CLANG_WARN_STRICT_PROTOTYPES = YES;
				CLANG_WARN_SUSPICIOUS_MOVE = YES;
				CLANG_WARN_UNGUARDED_AVAILABILITY = YES_AGGRESSIVE;
				CLANG_WARN_UNREACHABLE_CODE = YES;
				CLANG_WARN__DUPLICATE_METHOD_MATCH = YES;
				COPY_PHASE_STRIP = NO;
				CURRENT_PROJECT_VERSION = 1;
				DEBUG_INFORMATION_FORMAT = dwarf;
				ENABLE_STRICT_OBJC_MSGSEND = YES;
				ENABLE_TESTABILITY = YES;
				GCC_C_LANGUAGE_STANDARD = gnu11;
				GCC_DYNAMIC_NO_PIC = NO;
				GCC_NO_COMMON_BLOCKS = YES;
				GCC_OPTIMIZATION_LEVEL = 0;
				GCC_PREPROCESSOR_DEFINITIONS = (
					"DEBUG=1",
					"$(inherited)",
				);
				GCC_WARN_64_TO_32_BIT_CONVERSION = YES;
				GCC_WARN_ABOUT_RETURN_TYPE = YES_ERROR;
				GCC_WARN_UNDECLARED_SELECTOR = YES;
				GCC_WARN_UNINITIALIZED_AUTOS = YES_AGGRESSIVE;
				GCC_WARN_UNUSED_FUNCTION = YES;
				GCC_WARN_UNUSED_VARIABLE = YES;
				IPHONEOS_DEPLOYMENT_TARGET = 16.2;
				MTL_ENABLE_DEBUG_INFO = INCLUDE_SOURCE;
				MTL_FAST_MATH = YES;
				ONLY_ACTIVE_ARCH = YES;
				SDKROOT = iphoneos;
				SWIFT_ACTIVE_COMPILATION_CONDITIONS = DEBUG;
				SWIFT_OPTIMIZATION_LEVEL = "-Onone";
				VERSIONING_SYSTEM = "apple-generic";
				VERSION_INFO_PREFIX = "";
			};
			name = Debug;
		};
		E41387E529C4B55B000A07CC /* Release */ = {
			isa = XCBuildConfiguration;
			buildSettings = {
				ALWAYS_SEARCH_USER_PATHS = NO;
				CLANG_ANALYZER_NONNULL = YES;
				CLANG_ANALYZER_NUMBER_OBJECT_CONVERSION = YES_AGGRESSIVE;
				CLANG_CXX_LANGUAGE_STANDARD = "gnu++20";
				CLANG_ENABLE_MODULES = YES;
				CLANG_ENABLE_OBJC_ARC = YES;
				CLANG_ENABLE_OBJC_WEAK = YES;
				CLANG_WARN_BLOCK_CAPTURE_AUTORELEASING = YES;
				CLANG_WARN_BOOL_CONVERSION = YES;
				CLANG_WARN_COMMA = YES;
				CLANG_WARN_CONSTANT_CONVERSION = YES;
				CLANG_WARN_DEPRECATED_OBJC_IMPLEMENTATIONS = YES;
				CLANG_WARN_DIRECT_OBJC_ISA_USAGE = YES_ERROR;
				CLANG_WARN_DOCUMENTATION_COMMENTS = YES;
				CLANG_WARN_EMPTY_BODY = YES;
				CLANG_WARN_ENUM_CONVERSION = YES;
				CLANG_WARN_INFINITE_RECURSION = YES;
				CLANG_WARN_INT_CONVERSION = YES;
				CLANG_WARN_NON_LITERAL_NULL_CONVERSION = YES;
				CLANG_WARN_OBJC_IMPLICIT_RETAIN_SELF = YES;
				CLANG_WARN_OBJC_LITERAL_CONVERSION = YES;
				CLANG_WARN_OBJC_ROOT_CLASS = YES_ERROR;
				CLANG_WARN_QUOTED_INCLUDE_IN_FRAMEWORK_HEADER = YES;
				CLANG_WARN_RANGE_LOOP_ANALYSIS = YES;
				CLANG_WARN_STRICT_PROTOTYPES = YES;
				CLANG_WARN_SUSPICIOUS_MOVE = YES;
				CLANG_WARN_UNGUARDED_AVAILABILITY = YES_AGGRESSIVE;
				CLANG_WARN_UNREACHABLE_CODE = YES;
				CLANG_WARN__DUPLICATE_METHOD_MATCH = YES;
				COPY_PHASE_STRIP = NO;
				CURRENT_PROJECT_VERSION = 1;
				DEBUG_INFORMATION_FORMAT = "dwarf-with-dsym";
				ENABLE_NS_ASSERTIONS = NO;
				ENABLE_STRICT_OBJC_MSGSEND = YES;
				GCC_C_LANGUAGE_STANDARD = gnu11;
				GCC_NO_COMMON_BLOCKS = YES;
				GCC_WARN_64_TO_32_BIT_CONVERSION = YES;
				GCC_WARN_ABOUT_RETURN_TYPE = YES_ERROR;
				GCC_WARN_UNDECLARED_SELECTOR = YES;
				GCC_WARN_UNINITIALIZED_AUTOS = YES_AGGRESSIVE;
				GCC_WARN_UNUSED_FUNCTION = YES;
				GCC_WARN_UNUSED_VARIABLE = YES;
				IPHONEOS_DEPLOYMENT_TARGET = 16.2;
				MTL_ENABLE_DEBUG_INFO = NO;
				MTL_FAST_MATH = YES;
				SDKROOT = iphoneos;
				SWIFT_COMPILATION_MODE = wholemodule;
				SWIFT_OPTIMIZATION_LEVEL = "-O";
				VALIDATE_PRODUCT = YES;
				VERSIONING_SYSTEM = "apple-generic";
				VERSION_INFO_PREFIX = "";
			};
			name = Release;
		};
		E41387E729C4B55B000A07CC /* Debug */ = {
			isa = XCBuildConfiguration;
			buildSettings = {
				CLANG_ENABLE_MODULES = YES;
				CODE_SIGN_STYLE = Automatic;
				CURRENT_PROJECT_VERSION = 1;
				DEFINES_MODULE = YES;
				DYLIB_COMPATIBILITY_VERSION = 1;
				DYLIB_CURRENT_VERSION = 1;
				DYLIB_INSTALL_NAME_BASE = "@rpath";
				GENERATE_INFOPLIST_FILE = YES;
				INFOPLIST_KEY_NSHumanReadableCopyright = "";
				INSTALL_PATH = "$(LOCAL_LIBRARY_DIR)/Frameworks";
				IPHONEOS_DEPLOYMENT_TARGET = 14.0;
				LD_RUNPATH_SEARCH_PATHS = (
					"$(inherited)",
					"@executable_path/Frameworks",
					"@loader_path/Frameworks",
				);
				MARKETING_VERSION = 1.0;
				PRODUCT_BUNDLE_IDENTIFIER = com.jaime.uribe.Infraestructure;
				PRODUCT_NAME = "$(TARGET_NAME:c99extidentifier)";
				SKIP_INSTALL = YES;
				SWIFT_EMIT_LOC_STRINGS = YES;
				SWIFT_OPTIMIZATION_LEVEL = "-Onone";
				SWIFT_VERSION = 5.0;
				TARGETED_DEVICE_FAMILY = "1,2";
			};
			name = Debug;
		};
		E41387E829C4B55B000A07CC /* Release */ = {
			isa = XCBuildConfiguration;
			buildSettings = {
				CLANG_ENABLE_MODULES = YES;
				CODE_SIGN_STYLE = Automatic;
				CURRENT_PROJECT_VERSION = 1;
				DEFINES_MODULE = YES;
				DYLIB_COMPATIBILITY_VERSION = 1;
				DYLIB_CURRENT_VERSION = 1;
				DYLIB_INSTALL_NAME_BASE = "@rpath";
				GENERATE_INFOPLIST_FILE = YES;
				INFOPLIST_KEY_NSHumanReadableCopyright = "";
				INSTALL_PATH = "$(LOCAL_LIBRARY_DIR)/Frameworks";
				IPHONEOS_DEPLOYMENT_TARGET = 14.0;
				LD_RUNPATH_SEARCH_PATHS = (
					"$(inherited)",
					"@executable_path/Frameworks",
					"@loader_path/Frameworks",
				);
				MARKETING_VERSION = 1.0;
				PRODUCT_BUNDLE_IDENTIFIER = com.jaime.uribe.Infraestructure;
				PRODUCT_NAME = "$(TARGET_NAME:c99extidentifier)";
				SKIP_INSTALL = YES;
				SWIFT_EMIT_LOC_STRINGS = YES;
				SWIFT_VERSION = 5.0;
				TARGETED_DEVICE_FAMILY = "1,2";
			};
			name = Release;
		};
		E41387EA29C4B55B000A07CC /* Debug */ = {
			isa = XCBuildConfiguration;
			buildSettings = {
				ALWAYS_EMBED_SWIFT_STANDARD_LIBRARIES = YES;
				CODE_SIGN_STYLE = Automatic;
				CURRENT_PROJECT_VERSION = 1;
				GENERATE_INFOPLIST_FILE = YES;
				MARKETING_VERSION = 1.0;
				PRODUCT_BUNDLE_IDENTIFIER = com.jaime.uribe.InfraestructureTests;
				PRODUCT_NAME = "$(TARGET_NAME)";
				SWIFT_EMIT_LOC_STRINGS = NO;
				SWIFT_VERSION = 5.0;
				TARGETED_DEVICE_FAMILY = "1,2";
			};
			name = Debug;
		};
		E41387EB29C4B55B000A07CC /* Release */ = {
			isa = XCBuildConfiguration;
			buildSettings = {
				ALWAYS_EMBED_SWIFT_STANDARD_LIBRARIES = YES;
				CODE_SIGN_STYLE = Automatic;
				CURRENT_PROJECT_VERSION = 1;
				GENERATE_INFOPLIST_FILE = YES;
				MARKETING_VERSION = 1.0;
				PRODUCT_BUNDLE_IDENTIFIER = com.jaime.uribe.InfraestructureTests;
				PRODUCT_NAME = "$(TARGET_NAME)";
				SWIFT_EMIT_LOC_STRINGS = NO;
				SWIFT_VERSION = 5.0;
				TARGETED_DEVICE_FAMILY = "1,2";
			};
			name = Release;
		};
/* End XCBuildConfiguration section */

/* Begin XCConfigurationList section */
		E41387CE29C4B55B000A07CC /* Build configuration list for PBXProject "Infraestructure" */ = {
			isa = XCConfigurationList;
			buildConfigurations = (
				E41387E429C4B55B000A07CC /* Debug */,
				E41387E529C4B55B000A07CC /* Release */,
			);
			defaultConfigurationIsVisible = 0;
			defaultConfigurationName = Release;
		};
		E41387E629C4B55B000A07CC /* Build configuration list for PBXNativeTarget "Infraestructure" */ = {
			isa = XCConfigurationList;
			buildConfigurations = (
				E41387E729C4B55B000A07CC /* Debug */,
				E41387E829C4B55B000A07CC /* Release */,
			);
			defaultConfigurationIsVisible = 0;
			defaultConfigurationName = Release;
		};
		E41387E929C4B55B000A07CC /* Build configuration list for PBXNativeTarget "InfraestructureTests" */ = {
			isa = XCConfigurationList;
			buildConfigurations = (
				E41387EA29C4B55B000A07CC /* Debug */,
				E41387EB29C4B55B000A07CC /* Release */,
			);
			defaultConfigurationIsVisible = 0;
			defaultConfigurationName = Release;
		};
/* End XCConfigurationList section */

/* Begin XCRemoteSwiftPackageReference section */
		E4568C6129CA38970055A8E7 /* XCRemoteSwiftPackageReference "Resolver" */ = {
			isa = XCRemoteSwiftPackageReference;
			repositoryURL = "https://github.com/hmlongco/Resolver.git";
			requirement = {
				kind = upToNextMajorVersion;
				minimumVersion = 1.0.0;
			};
		};
/* End XCRemoteSwiftPackageReference section */

/* Begin XCSwiftPackageProductDependency section */
		E4568C6229CA38970055A8E7 /* Resolver */ = {
			isa = XCSwiftPackageProductDependency;
			package = E4568C6129CA38970055A8E7 /* XCRemoteSwiftPackageReference "Resolver" */;
			productName = Resolver;
		};
/* End XCSwiftPackageProductDependency section */

/* Begin XCVersionGroup section */
		E4568C6629CA49BD0055A8E7 /* RegisterVehiclesDB.xcdatamodeld */ = {
			isa = XCVersionGroup;
			children = (
				E4568C6729CA49BD0055A8E7 /* RegisterVehiclesDB.xcdatamodel */,
			);
			currentVersion = E4568C6729CA49BD0055A8E7 /* RegisterVehiclesDB.xcdatamodel */;
			path = RegisterVehiclesDB.xcdatamodeld;
			sourceTree = "<group>";
			versionGroupType = wrapper.xcdatamodel;
		};
/* End XCVersionGroup section */
	};
	rootObject = E41387CB29C4B55B000A07CC /* Project object */;
}
