// !$*UTF8*$!
{
	archiveVersion = 1;
	classes = {
	};
	objectVersion = 56;
	objects = {

/* Begin PBXBuildFile section */
		E404FD2129CB7E1B00DB4F7F /* CustomErrors.swift in Sources */ = {isa = PBXBuildFile; fileRef = E404FD2029CB7E1B00DB4F7F /* CustomErrors.swift */; };
		E404FD3429CC9E5C00DB4F7F /* RegisterVehicleRepositoryRealm.swift in Sources */ = {isa = PBXBuildFile; fileRef = E404FD3329CC9E5C00DB4F7F /* RegisterVehicleRepositoryRealm.swift */; };
		E404FD3B29CCAC8E00DB4F7F /* RegisterVehicleRepositoryCoreData.swift in Sources */ = {isa = PBXBuildFile; fileRef = E404FD3A29CCAC8E00DB4F7F /* RegisterVehicleRepositoryCoreData.swift */; };
		E404FD3D29CCAE7E00DB4F7F /* RegisterCarTraslator.swift in Sources */ = {isa = PBXBuildFile; fileRef = E404FD3C29CCAE7E00DB4F7F /* RegisterCarTraslator.swift */; };
		E404FD3F29CCB04F00DB4F7F /* RegisterMotorcycleTraslator.swift in Sources */ = {isa = PBXBuildFile; fileRef = E404FD3E29CCB04F00DB4F7F /* RegisterMotorcycleTraslator.swift */; };
		E404FD4129CCB37D00DB4F7F /* Domain.framework in Frameworks */ = {isa = PBXBuildFile; fileRef = E404FD4029CCB37D00DB4F7F /* Domain.framework */; };
		E404FD4229CCB37D00DB4F7F /* Domain.framework in Embed Frameworks */ = {isa = PBXBuildFile; fileRef = E404FD4029CCB37D00DB4F7F /* Domain.framework */; settings = {ATTRIBUTES = (CodeSignOnCopy, RemoveHeadersOnCopy, ); }; };
		E404FD9129CE2A4500DB4F7F /* ConfigurationCoreDataBase.swift in Sources */ = {isa = PBXBuildFile; fileRef = E404FD9029CE2A4500DB4F7F /* ConfigurationCoreDataBase.swift */; };
		E404FD9429CE3C7500DB4F7F /* RegisterVehiclesDB.xcdatamodeld in Sources */ = {isa = PBXBuildFile; fileRef = E404FD9229CE3C7500DB4F7F /* RegisterVehiclesDB.xcdatamodeld */; };
		E404FDD429CE47D900DB4F7F /* CarEntity+CoreDataProperties.swift in Sources */ = {isa = PBXBuildFile; fileRef = E404FDD029CE47D900DB4F7F /* CarEntity+CoreDataProperties.swift */; };
		E404FDD529CE47D900DB4F7F /* RegisterCarEntity+CoreDataProperties.swift in Sources */ = {isa = PBXBuildFile; fileRef = E404FDD129CE47D900DB4F7F /* RegisterCarEntity+CoreDataProperties.swift */; };
		E404FDD629CE47D900DB4F7F /* RegisterCarEntity+CoreDataClass.swift in Sources */ = {isa = PBXBuildFile; fileRef = E404FDD229CE47D900DB4F7F /* RegisterCarEntity+CoreDataClass.swift */; };
		E404FDD729CE47D900DB4F7F /* CarEntity+CoreDataClass.swift in Sources */ = {isa = PBXBuildFile; fileRef = E404FDD329CE47D900DB4F7F /* CarEntity+CoreDataClass.swift */; };
		E404FDE229CE492700DB4F7F /* RegisterMotocicleEntity+CoreDataClass.swift in Sources */ = {isa = PBXBuildFile; fileRef = E404FDE029CE492700DB4F7F /* RegisterMotocicleEntity+CoreDataClass.swift */; };
		E404FDE329CE492700DB4F7F /* RegisterMotocicleEntity+CoreDataProperties.swift in Sources */ = {isa = PBXBuildFile; fileRef = E404FDE129CE492700DB4F7F /* RegisterMotocicleEntity+CoreDataProperties.swift */; };
		E404FDE629CE499100DB4F7F /* MotocicleEntity+CoreDataClass.swift in Sources */ = {isa = PBXBuildFile; fileRef = E404FDE429CE499100DB4F7F /* MotocicleEntity+CoreDataClass.swift */; };
		E404FDE729CE499100DB4F7F /* MotocicleEntity+CoreDataProperties.swift in Sources */ = {isa = PBXBuildFile; fileRef = E404FDE529CE499100DB4F7F /* MotocicleEntity+CoreDataProperties.swift */; };
		E404FDE929CE4A3800DB4F7F /* ExitVehicle+Inject.swift in Sources */ = {isa = PBXBuildFile; fileRef = E404FDE829CE4A3800DB4F7F /* ExitVehicle+Inject.swift */; };
		E41387DD29C4B55B000A07CC /* Infraestructure.framework in Frameworks */ = {isa = PBXBuildFile; fileRef = E41387D429C4B55B000A07CC /* Infraestructure.framework */; };
		E41387E329C4B55B000A07CC /* Infraestructure.h in Headers */ = {isa = PBXBuildFile; fileRef = E41387D729C4B55B000A07CC /* Infraestructure.h */; settings = {ATTRIBUTES = (Public, ); }; };
		E42BF07429D463A0008B5F45 /* ExitMotorcycleTraslator.swift in Sources */ = {isa = PBXBuildFile; fileRef = E42BF07329D463A0008B5F45 /* ExitMotorcycleTraslator.swift */; };
		E42BF08529D48120008B5F45 /* RegisterVehicle+Inject.swift in Sources */ = {isa = PBXBuildFile; fileRef = E42BF08429D48120008B5F45 /* RegisterVehicle+Inject.swift */; };
		E42BF08929D483A3008B5F45 /* CarRepositoryCoreDataTest.swift in Sources */ = {isa = PBXBuildFile; fileRef = E42BF08829D483A3008B5F45 /* CarRepositoryCoreDataTest.swift */; };
		E42C1C1229DB251C0078707A /* Factory in Frameworks */ = {isa = PBXBuildFile; productRef = E42C1C1129DB251C0078707A /* Factory */; };
		E42C1C1E29DB5BD50078707A /* RegisterCarDTO.swift in Sources */ = {isa = PBXBuildFile; fileRef = E42C1C1D29DB5BD50078707A /* RegisterCarDTO.swift */; };
		E42C1C2229DB5F090078707A /* RealmManager.swift in Sources */ = {isa = PBXBuildFile; fileRef = E42C1C2129DB5F090078707A /* RealmManager.swift */; };
		E42C1C2E29DB842A0078707A /* Realm in Frameworks */ = {isa = PBXBuildFile; productRef = E42C1C2D29DB842A0078707A /* Realm */; };
		E42C1C3029DB842A0078707A /* RealmSwift in Frameworks */ = {isa = PBXBuildFile; productRef = E42C1C2F29DB842A0078707A /* RealmSwift */; };
		E42C1C3229DC74B80078707A /* RegisterMotorcycleDTO.swift in Sources */ = {isa = PBXBuildFile; fileRef = E42C1C3129DC74B80078707A /* RegisterMotorcycleDTO.swift */; };
		E42C1C3929DCAFC20078707A /* RegisterVehicleDTO.swift in Sources */ = {isa = PBXBuildFile; fileRef = E42C1C3829DCAFC20078707A /* RegisterVehicleDTO.swift */; };
		E42C1C3B29DCB9920078707A /* ExitVehicleRepositoryRealm.swift in Sources */ = {isa = PBXBuildFile; fileRef = E42C1C3A29DCB9920078707A /* ExitVehicleRepositoryRealm.swift */; };
		E4B5F4A329D34E52002BDB13 /* ExitVehicleRepositoryCoreData.swift in Sources */ = {isa = PBXBuildFile; fileRef = E4B5F4A229D34E52002BDB13 /* ExitVehicleRepositoryCoreData.swift */; };
		E4B5F4A929D3528D002BDB13 /* ExitCarTraslator.swift in Sources */ = {isa = PBXBuildFile; fileRef = E4B5F4A829D3528D002BDB13 /* ExitCarTraslator.swift */; };
/* End PBXBuildFile section */

/* Begin PBXContainerItemProxy section */
		E41387DE29C4B55B000A07CC /* PBXContainerItemProxy */ = {
			isa = PBXContainerItemProxy;
			containerPortal = E41387CB29C4B55B000A07CC /* Project object */;
			proxyType = 1;
			remoteGlobalIDString = E41387D329C4B55B000A07CC;
			remoteInfo = Infraestructure;
		};
/* End PBXContainerItemProxy section */

/* Begin PBXCopyFilesBuildPhase section */
		E404FD4329CCB37D00DB4F7F /* Embed Frameworks */ = {
			isa = PBXCopyFilesBuildPhase;
			buildActionMask = 2147483647;
			dstPath = "";
			dstSubfolderSpec = 10;
			files = (
				E404FD4229CCB37D00DB4F7F /* Domain.framework in Embed Frameworks */,
			);
			name = "Embed Frameworks";
			runOnlyForDeploymentPostprocessing = 0;
		};
/* End PBXCopyFilesBuildPhase section */

/* Begin PBXFileReference section */
		E404FD2029CB7E1B00DB4F7F /* CustomErrors.swift */ = {isa = PBXFileReference; lastKnownFileType = sourcecode.swift; path = CustomErrors.swift; sourceTree = "<group>"; };
		E404FD3329CC9E5C00DB4F7F /* RegisterVehicleRepositoryRealm.swift */ = {isa = PBXFileReference; lastKnownFileType = sourcecode.swift; path = RegisterVehicleRepositoryRealm.swift; sourceTree = "<group>"; };
		E404FD3A29CCAC8E00DB4F7F /* RegisterVehicleRepositoryCoreData.swift */ = {isa = PBXFileReference; lastKnownFileType = sourcecode.swift; path = RegisterVehicleRepositoryCoreData.swift; sourceTree = "<group>"; };
		E404FD3C29CCAE7E00DB4F7F /* RegisterCarTraslator.swift */ = {isa = PBXFileReference; lastKnownFileType = sourcecode.swift; path = RegisterCarTraslator.swift; sourceTree = "<group>"; };
		E404FD3E29CCB04F00DB4F7F /* RegisterMotorcycleTraslator.swift */ = {isa = PBXFileReference; lastKnownFileType = sourcecode.swift; path = RegisterMotorcycleTraslator.swift; sourceTree = "<group>"; };
		E404FD4029CCB37D00DB4F7F /* Domain.framework */ = {isa = PBXFileReference; explicitFileType = wrapper.framework; path = Domain.framework; sourceTree = BUILT_PRODUCTS_DIR; };
		E404FD9029CE2A4500DB4F7F /* ConfigurationCoreDataBase.swift */ = {isa = PBXFileReference; lastKnownFileType = sourcecode.swift; path = ConfigurationCoreDataBase.swift; sourceTree = "<group>"; };
		E404FD9329CE3C7500DB4F7F /* RegisterVehiclesDB.xcdatamodel */ = {isa = PBXFileReference; lastKnownFileType = wrapper.xcdatamodel; path = RegisterVehiclesDB.xcdatamodel; sourceTree = "<group>"; };
		E404FDD029CE47D900DB4F7F /* CarEntity+CoreDataProperties.swift */ = {isa = PBXFileReference; fileEncoding = 4; lastKnownFileType = sourcecode.swift; path = "CarEntity+CoreDataProperties.swift"; sourceTree = "<group>"; };
		E404FDD129CE47D900DB4F7F /* RegisterCarEntity+CoreDataProperties.swift */ = {isa = PBXFileReference; fileEncoding = 4; lastKnownFileType = sourcecode.swift; path = "RegisterCarEntity+CoreDataProperties.swift"; sourceTree = "<group>"; };
		E404FDD229CE47D900DB4F7F /* RegisterCarEntity+CoreDataClass.swift */ = {isa = PBXFileReference; fileEncoding = 4; lastKnownFileType = sourcecode.swift; path = "RegisterCarEntity+CoreDataClass.swift"; sourceTree = "<group>"; };
		E404FDD329CE47D900DB4F7F /* CarEntity+CoreDataClass.swift */ = {isa = PBXFileReference; fileEncoding = 4; lastKnownFileType = sourcecode.swift; path = "CarEntity+CoreDataClass.swift"; sourceTree = "<group>"; };
		E404FDE029CE492700DB4F7F /* RegisterMotocicleEntity+CoreDataClass.swift */ = {isa = PBXFileReference; lastKnownFileType = sourcecode.swift; path = "RegisterMotocicleEntity+CoreDataClass.swift"; sourceTree = "<group>"; };
		E404FDE129CE492700DB4F7F /* RegisterMotocicleEntity+CoreDataProperties.swift */ = {isa = PBXFileReference; lastKnownFileType = sourcecode.swift; path = "RegisterMotocicleEntity+CoreDataProperties.swift"; sourceTree = "<group>"; };
		E404FDE429CE499100DB4F7F /* MotocicleEntity+CoreDataClass.swift */ = {isa = PBXFileReference; lastKnownFileType = sourcecode.swift; path = "MotocicleEntity+CoreDataClass.swift"; sourceTree = "<group>"; };
		E404FDE529CE499100DB4F7F /* MotocicleEntity+CoreDataProperties.swift */ = {isa = PBXFileReference; lastKnownFileType = sourcecode.swift; path = "MotocicleEntity+CoreDataProperties.swift"; sourceTree = "<group>"; };
		E404FDE829CE4A3800DB4F7F /* ExitVehicle+Inject.swift */ = {isa = PBXFileReference; lastKnownFileType = sourcecode.swift; path = "ExitVehicle+Inject.swift"; sourceTree = "<group>"; };
		E41387D429C4B55B000A07CC /* Infraestructure.framework */ = {isa = PBXFileReference; explicitFileType = wrapper.framework; includeInIndex = 0; path = Infraestructure.framework; sourceTree = BUILT_PRODUCTS_DIR; };
		E41387D729C4B55B000A07CC /* Infraestructure.h */ = {isa = PBXFileReference; lastKnownFileType = sourcecode.c.h; path = Infraestructure.h; sourceTree = "<group>"; };
		E41387DC29C4B55B000A07CC /* InfraestructureTests.xctest */ = {isa = PBXFileReference; explicitFileType = wrapper.cfbundle; includeInIndex = 0; path = InfraestructureTests.xctest; sourceTree = BUILT_PRODUCTS_DIR; };
		E42BF07329D463A0008B5F45 /* ExitMotorcycleTraslator.swift */ = {isa = PBXFileReference; lastKnownFileType = sourcecode.swift; path = ExitMotorcycleTraslator.swift; sourceTree = "<group>"; };
		E42BF08429D48120008B5F45 /* RegisterVehicle+Inject.swift */ = {isa = PBXFileReference; lastKnownFileType = sourcecode.swift; path = "RegisterVehicle+Inject.swift"; sourceTree = "<group>"; };
		E42BF08829D483A3008B5F45 /* CarRepositoryCoreDataTest.swift */ = {isa = PBXFileReference; lastKnownFileType = sourcecode.swift; path = CarRepositoryCoreDataTest.swift; sourceTree = "<group>"; };
		E42C1C1D29DB5BD50078707A /* RegisterCarDTO.swift */ = {isa = PBXFileReference; lastKnownFileType = sourcecode.swift; path = RegisterCarDTO.swift; sourceTree = "<group>"; };
		E42C1C2129DB5F090078707A /* RealmManager.swift */ = {isa = PBXFileReference; lastKnownFileType = sourcecode.swift; path = RealmManager.swift; sourceTree = "<group>"; };
		E42C1C3129DC74B80078707A /* RegisterMotorcycleDTO.swift */ = {isa = PBXFileReference; lastKnownFileType = sourcecode.swift; path = RegisterMotorcycleDTO.swift; sourceTree = "<group>"; };
		E42C1C3829DCAFC20078707A /* RegisterVehicleDTO.swift */ = {isa = PBXFileReference; lastKnownFileType = sourcecode.swift; path = RegisterVehicleDTO.swift; sourceTree = "<group>"; };
		E42C1C3A29DCB9920078707A /* ExitVehicleRepositoryRealm.swift */ = {isa = PBXFileReference; lastKnownFileType = sourcecode.swift; path = ExitVehicleRepositoryRealm.swift; sourceTree = "<group>"; };
		E4568C3A29C9FBA30055A8E7 /* Realm.framework */ = {isa = PBXFileReference; explicitFileType = wrapper.framework; path = Realm.framework; sourceTree = BUILT_PRODUCTS_DIR; };
		E4568C3E29C9FE3E0055A8E7 /* RealmSwift.framework */ = {isa = PBXFileReference; explicitFileType = wrapper.framework; path = RealmSwift.framework; sourceTree = BUILT_PRODUCTS_DIR; };
		E4B5F4A229D34E52002BDB13 /* ExitVehicleRepositoryCoreData.swift */ = {isa = PBXFileReference; lastKnownFileType = sourcecode.swift; path = ExitVehicleRepositoryCoreData.swift; sourceTree = "<group>"; };
		E4B5F4A829D3528D002BDB13 /* ExitCarTraslator.swift */ = {isa = PBXFileReference; lastKnownFileType = sourcecode.swift; path = ExitCarTraslator.swift; sourceTree = "<group>"; };
/* End PBXFileReference section */

/* Begin PBXFrameworksBuildPhase section */
		E41387D129C4B55B000A07CC /* Frameworks */ = {
			isa = PBXFrameworksBuildPhase;
			buildActionMask = 2147483647;
			files = (
				E42C1C3029DB842A0078707A /* RealmSwift in Frameworks */,
				E42C1C2E29DB842A0078707A /* Realm in Frameworks */,
				E42C1C1229DB251C0078707A /* Factory in Frameworks */,
				E404FD4129CCB37D00DB4F7F /* Domain.framework in Frameworks */,
			);
			runOnlyForDeploymentPostprocessing = 0;
		};
		E41387D929C4B55B000A07CC /* Frameworks */ = {
			isa = PBXFrameworksBuildPhase;
			buildActionMask = 2147483647;
			files = (
				E41387DD29C4B55B000A07CC /* Infraestructure.framework in Frameworks */,
			);
			runOnlyForDeploymentPostprocessing = 0;
		};
/* End PBXFrameworksBuildPhase section */

/* Begin PBXGroup section */
		E404FD3529CC9F1300DB4F7F /* Anticorruption */ = {
			isa = PBXGroup;
			children = (
				E404FD3C29CCAE7E00DB4F7F /* RegisterCarTraslator.swift */,
				E404FD3E29CCB04F00DB4F7F /* RegisterMotorcycleTraslator.swift */,
			);
			path = Anticorruption;
			sourceTree = "<group>";
		};
		E41387CA29C4B55B000A07CC = {
			isa = PBXGroup;
			children = (
				E41387D629C4B55B000A07CC /* Infraestructure */,
				E41387E029C4B55B000A07CC /* InfraestructureTests */,
				E41387D529C4B55B000A07CC /* Products */,
				E4568C3929C9FBA30055A8E7 /* Frameworks */,
			);
			sourceTree = "<group>";
		};
		E41387D529C4B55B000A07CC /* Products */ = {
			isa = PBXGroup;
			children = (
				E41387D429C4B55B000A07CC /* Infraestructure.framework */,
				E41387DC29C4B55B000A07CC /* InfraestructureTests.xctest */,
			);
			name = Products;
			sourceTree = "<group>";
		};
		E41387D629C4B55B000A07CC /* Infraestructure */ = {
			isa = PBXGroup;
			children = (
				E4B5F49529D3150D002BDB13 /* Common */,
				E4B5F49629D3151F002BDB13 /* DataBase */,
				E4B5F4A029D34DE9002BDB13 /* ExitVehicle */,
				E41387D729C4B55B000A07CC /* Infraestructure.h */,
				E4B5F49C29D3171D002BDB13 /* RegisterVehicle */,
				E42BF09029D5B5D6008B5F45 /* Vehicle */,
			);
			path = Infraestructure;
			sourceTree = "<group>";
		};
		E41387E029C4B55B000A07CC /* InfraestructureTests */ = {
			isa = PBXGroup;
			children = (
				E42BF08729D48371008B5F45 /* RegisterVehicle */,
			);
			path = InfraestructureTests;
			sourceTree = "<group>";
		};
		E42BF08329D480F9008B5F45 /* Inject */ = {
			isa = PBXGroup;
			children = (
				E42BF08429D48120008B5F45 /* RegisterVehicle+Inject.swift */,
			);
			path = Inject;
			sourceTree = "<group>";
		};
		E42BF08629D481DE008B5F45 /* Inject */ = {
			isa = PBXGroup;
			children = (
				E404FDE829CE4A3800DB4F7F /* ExitVehicle+Inject.swift */,
			);
			path = Inject;
			sourceTree = "<group>";
		};
		E42BF08729D48371008B5F45 /* RegisterVehicle */ = {
			isa = PBXGroup;
			children = (
				E42BF08829D483A3008B5F45 /* CarRepositoryCoreDataTest.swift */,
			);
			path = RegisterVehicle;
			sourceTree = "<group>";
		};
		E42BF08E29D4E31F008B5F45 /* Entity */ = {
			isa = PBXGroup;
			children = (
				E4B5F49A29D315BE002BDB13 /* RegisterCarEntity */,
				E4B5F49729D31556002BDB13 /* RegisterMotocycleEntity */,
			);
			path = Entity;
			sourceTree = "<group>";
		};
		E42BF09029D5B5D6008B5F45 /* Vehicle */ = {
			isa = PBXGroup;
			children = (
				E4B5F49429D314D2002BDB13 /* Entity */,
			);
			path = Vehicle;
			sourceTree = "<group>";
		};
		E42C1C1329DB59A70078707A /* RealmDataBase */ = {
			isa = PBXGroup;
			children = (
				E42C1C2129DB5F090078707A /* RealmManager.swift */,
			);
			path = RealmDataBase;
			sourceTree = "<group>";
		};
		E42C1C1C29DB5BAD0078707A /* DTO */ = {
			isa = PBXGroup;
			children = (
				E42C1C1D29DB5BD50078707A /* RegisterCarDTO.swift */,
				E42C1C3129DC74B80078707A /* RegisterMotorcycleDTO.swift */,
				E42C1C3829DCAFC20078707A /* RegisterVehicleDTO.swift */,
			);
			path = DTO;
			sourceTree = "<group>";
		};
		E4568C3929C9FBA30055A8E7 /* Frameworks */ = {
			isa = PBXGroup;
			children = (
				E404FD4029CCB37D00DB4F7F /* Domain.framework */,
				E4568C3E29C9FE3E0055A8E7 /* RealmSwift.framework */,
				E4568C3A29C9FBA30055A8E7 /* Realm.framework */,
			);
			name = Frameworks;
			sourceTree = "<group>";
		};
		E4568C5129CA15280055A8E7 /* Exception */ = {
			isa = PBXGroup;
			children = (
				E404FD2029CB7E1B00DB4F7F /* CustomErrors.swift */,
			);
			path = Exception;
			sourceTree = "<group>";
		};
		E4B5F49429D314D2002BDB13 /* Entity */ = {
			isa = PBXGroup;
			children = (
				E4B5F49829D3157A002BDB13 /* MotocycleEntity */,
				E4B5F49929D3159C002BDB13 /* CarEntity */,
			);
			path = Entity;
			sourceTree = "<group>";
		};
		E4B5F49529D3150D002BDB13 /* Common */ = {
			isa = PBXGroup;
			children = (
				E4568C5129CA15280055A8E7 /* Exception */,
			);
			path = Common;
			sourceTree = "<group>";
		};
		E4B5F49629D3151F002BDB13 /* DataBase */ = {
			isa = PBXGroup;
			children = (
				E4B5F49B29D3166A002BDB13 /* CoreData */,
				E42C1C1329DB59A70078707A /* RealmDataBase */,
			);
			path = DataBase;
			sourceTree = "<group>";
		};
		E4B5F49729D31556002BDB13 /* RegisterMotocycleEntity */ = {
			isa = PBXGroup;
			children = (
				E404FDE129CE492700DB4F7F /* RegisterMotocicleEntity+CoreDataProperties.swift */,
				E404FDE029CE492700DB4F7F /* RegisterMotocicleEntity+CoreDataClass.swift */,
			);
			path = RegisterMotocycleEntity;
			sourceTree = "<group>";
		};
		E4B5F49829D3157A002BDB13 /* MotocycleEntity */ = {
			isa = PBXGroup;
			children = (
				E404FDE429CE499100DB4F7F /* MotocicleEntity+CoreDataClass.swift */,
				E404FDE529CE499100DB4F7F /* MotocicleEntity+CoreDataProperties.swift */,
			);
			path = MotocycleEntity;
			sourceTree = "<group>";
		};
		E4B5F49929D3159C002BDB13 /* CarEntity */ = {
			isa = PBXGroup;
			children = (
				E404FDD329CE47D900DB4F7F /* CarEntity+CoreDataClass.swift */,
				E404FDD029CE47D900DB4F7F /* CarEntity+CoreDataProperties.swift */,
			);
			path = CarEntity;
			sourceTree = "<group>";
		};
		E4B5F49A29D315BE002BDB13 /* RegisterCarEntity */ = {
			isa = PBXGroup;
			children = (
				E404FDD229CE47D900DB4F7F /* RegisterCarEntity+CoreDataClass.swift */,
				E404FDD129CE47D900DB4F7F /* RegisterCarEntity+CoreDataProperties.swift */,
			);
			path = RegisterCarEntity;
			sourceTree = "<group>";
		};
		E4B5F49B29D3166A002BDB13 /* CoreData */ = {
			isa = PBXGroup;
			children = (
				E404FD9029CE2A4500DB4F7F /* ConfigurationCoreDataBase.swift */,
				E404FD9229CE3C7500DB4F7F /* RegisterVehiclesDB.xcdatamodeld */,
			);
			path = CoreData;
			sourceTree = "<group>";
		};
		E4B5F49C29D3171D002BDB13 /* RegisterVehicle */ = {
			isa = PBXGroup;
			children = (
				E404FD3529CC9F1300DB4F7F /* Anticorruption */,
				E42C1C1C29DB5BAD0078707A /* DTO */,
				E42BF08E29D4E31F008B5F45 /* Entity */,
				E42BF08329D480F9008B5F45 /* Inject */,
				E4B5F49D29D31748002BDB13 /* Repository */,
			);
			path = RegisterVehicle;
			sourceTree = "<group>";
		};
		E4B5F49D29D31748002BDB13 /* Repository */ = {
			isa = PBXGroup;
			children = (
				E404FD3329CC9E5C00DB4F7F /* RegisterVehicleRepositoryRealm.swift */,
				E404FD3A29CCAC8E00DB4F7F /* RegisterVehicleRepositoryCoreData.swift */,
			);
			path = Repository;
			sourceTree = "<group>";
		};
		E4B5F4A029D34DE9002BDB13 /* ExitVehicle */ = {
			isa = PBXGroup;
			children = (
				E4B5F4A629D35261002BDB13 /* Anticorruption */,
				E42BF08629D481DE008B5F45 /* Inject */,
				E4B5F4A129D34E0C002BDB13 /* Repository */,
			);
			path = ExitVehicle;
			sourceTree = "<group>";
		};
		E4B5F4A129D34E0C002BDB13 /* Repository */ = {
			isa = PBXGroup;
			children = (
				E4B5F4A229D34E52002BDB13 /* ExitVehicleRepositoryCoreData.swift */,
				E42C1C3A29DCB9920078707A /* ExitVehicleRepositoryRealm.swift */,
			);
			path = Repository;
			sourceTree = "<group>";
		};
		E4B5F4A629D35261002BDB13 /* Anticorruption */ = {
			isa = PBXGroup;
			children = (
				E4B5F4A829D3528D002BDB13 /* ExitCarTraslator.swift */,
				E42BF07329D463A0008B5F45 /* ExitMotorcycleTraslator.swift */,
			);
			path = Anticorruption;
			sourceTree = "<group>";
		};
/* End PBXGroup section */

/* Begin PBXHeadersBuildPhase section */
		E41387CF29C4B55B000A07CC /* Headers */ = {
			isa = PBXHeadersBuildPhase;
			buildActionMask = 2147483647;
			files = (
				E41387E329C4B55B000A07CC /* Infraestructure.h in Headers */,
			);
			runOnlyForDeploymentPostprocessing = 0;
		};
/* End PBXHeadersBuildPhase section */

/* Begin PBXNativeTarget section */
		E41387D329C4B55B000A07CC /* Infraestructure */ = {
			isa = PBXNativeTarget;
			buildConfigurationList = E41387E629C4B55B000A07CC /* Build configuration list for PBXNativeTarget "Infraestructure" */;
			buildPhases = (
				E41387CF29C4B55B000A07CC /* Headers */,
				E41387D029C4B55B000A07CC /* Sources */,
				E41387D129C4B55B000A07CC /* Frameworks */,
				E41387D229C4B55B000A07CC /* Resources */,
				E404FD4329CCB37D00DB4F7F /* Embed Frameworks */,
			);
			buildRules = (
			);
			dependencies = (
			);
			name = Infraestructure;
			packageProductDependencies = (
				E42C1C1129DB251C0078707A /* Factory */,
				E42C1C2D29DB842A0078707A /* Realm */,
				E42C1C2F29DB842A0078707A /* RealmSwift */,
			);
			productName = Infraestructure;
			productReference = E41387D429C4B55B000A07CC /* Infraestructure.framework */;
			productType = "com.apple.product-type.framework";
		};
		E41387DB29C4B55B000A07CC /* InfraestructureTests */ = {
			isa = PBXNativeTarget;
			buildConfigurationList = E41387E929C4B55B000A07CC /* Build configuration list for PBXNativeTarget "InfraestructureTests" */;
			buildPhases = (
				E41387D829C4B55B000A07CC /* Sources */,
				E41387D929C4B55B000A07CC /* Frameworks */,
				E41387DA29C4B55B000A07CC /* Resources */,
			);
			buildRules = (
			);
			dependencies = (
				E41387DF29C4B55B000A07CC /* PBXTargetDependency */,
			);
			name = InfraestructureTests;
			productName = InfraestructureTests;
			productReference = E41387DC29C4B55B000A07CC /* InfraestructureTests.xctest */;
			productType = "com.apple.product-type.bundle.unit-test";
		};
/* End PBXNativeTarget section */

/* Begin PBXProject section */
		E41387CB29C4B55B000A07CC /* Project object */ = {
			isa = PBXProject;
			attributes = {
				BuildIndependentTargetsInParallel = 1;
				LastSwiftUpdateCheck = 1420;
				LastUpgradeCheck = 1420;
				TargetAttributes = {
					E41387D329C4B55B000A07CC = {
						CreatedOnToolsVersion = 14.2;
						LastSwiftMigration = 1420;
					};
					E41387DB29C4B55B000A07CC = {
						CreatedOnToolsVersion = 14.2;
					};
				};
			};
			buildConfigurationList = E41387CE29C4B55B000A07CC /* Build configuration list for PBXProject "Infraestructure" */;
			compatibilityVersion = "Xcode 14.0";
			developmentRegion = en;
			hasScannedForEncodings = 0;
			knownRegions = (
				en,
				Base,
			);
			mainGroup = E41387CA29C4B55B000A07CC;
			packageReferences = (
				E42C1C1029DB251C0078707A /* XCRemoteSwiftPackageReference "Factory" */,
				E42C1C2C29DB842A0078707A /* XCRemoteSwiftPackageReference "realm-swift" */,
			);
			productRefGroup = E41387D529C4B55B000A07CC /* Products */;
			projectDirPath = "";
			projectRoot = "";
			targets = (
				E41387D329C4B55B000A07CC /* Infraestructure */,
				E41387DB29C4B55B000A07CC /* InfraestructureTests */,
			);
		};
/* End PBXProject section */

/* Begin PBXResourcesBuildPhase section */
		E41387D229C4B55B000A07CC /* Resources */ = {
			isa = PBXResourcesBuildPhase;
			buildActionMask = 2147483647;
			files = (
			);
			runOnlyForDeploymentPostprocessing = 0;
		};
		E41387DA29C4B55B000A07CC /* Resources */ = {
			isa = PBXResourcesBuildPhase;
			buildActionMask = 2147483647;
			files = (
			);
			runOnlyForDeploymentPostprocessing = 0;
		};
/* End PBXResourcesBuildPhase section */

/* Begin PBXSourcesBuildPhase section */
		E41387D029C4B55B000A07CC /* Sources */ = {
			isa = PBXSourcesBuildPhase;
			buildActionMask = 2147483647;
			files = (
				E404FDE629CE499100DB4F7F /* MotocicleEntity+CoreDataClass.swift in Sources */,
				E404FD3D29CCAE7E00DB4F7F /* RegisterCarTraslator.swift in Sources */,
				E404FD2129CB7E1B00DB4F7F /* CustomErrors.swift in Sources */,
				E404FD3429CC9E5C00DB4F7F /* RegisterVehicleRepositoryRealm.swift in Sources */,
				E404FDE229CE492700DB4F7F /* RegisterMotocicleEntity+CoreDataClass.swift in Sources */,
				E42C1C2229DB5F090078707A /* RealmManager.swift in Sources */,
				E404FD3B29CCAC8E00DB4F7F /* RegisterVehicleRepositoryCoreData.swift in Sources */,
				E42C1C3929DCAFC20078707A /* RegisterVehicleDTO.swift in Sources */,
				E404FDD529CE47D900DB4F7F /* RegisterCarEntity+CoreDataProperties.swift in Sources */,
				E404FDD729CE47D900DB4F7F /* CarEntity+CoreDataClass.swift in Sources */,
				E42C1C3229DC74B80078707A /* RegisterMotorcycleDTO.swift in Sources */,
				E4B5F4A929D3528D002BDB13 /* ExitCarTraslator.swift in Sources */,
				E404FDE729CE499100DB4F7F /* MotocicleEntity+CoreDataProperties.swift in Sources */,
				E4B5F4A329D34E52002BDB13 /* ExitVehicleRepositoryCoreData.swift in Sources */,
				E404FD9429CE3C7500DB4F7F /* RegisterVehiclesDB.xcdatamodeld in Sources */,
				E404FD9129CE2A4500DB4F7F /* ConfigurationCoreDataBase.swift in Sources */,
				E42BF08529D48120008B5F45 /* RegisterVehicle+Inject.swift in Sources */,
				E404FDE929CE4A3800DB4F7F /* ExitVehicle+Inject.swift in Sources */,
				E404FD3F29CCB04F00DB4F7F /* RegisterMotorcycleTraslator.swift in Sources */,
				E42C1C1E29DB5BD50078707A /* RegisterCarDTO.swift in Sources */,
				E404FDD629CE47D900DB4F7F /* RegisterCarEntity+CoreDataClass.swift in Sources */,
				E42C1C3B29DCB9920078707A /* ExitVehicleRepositoryRealm.swift in Sources */,
				E404FDD429CE47D900DB4F7F /* CarEntity+CoreDataProperties.swift in Sources */,
				E404FDE329CE492700DB4F7F /* RegisterMotocicleEntity+CoreDataProperties.swift in Sources */,
				E42BF07429D463A0008B5F45 /* ExitMotorcycleTraslator.swift in Sources */,
			);
			runOnlyForDeploymentPostprocessing = 0;
		};
		E41387D829C4B55B000A07CC /* Sources */ = {
			isa = PBXSourcesBuildPhase;
			buildActionMask = 2147483647;
			files = (
				E42BF08929D483A3008B5F45 /* CarRepositoryCoreDataTest.swift in Sources */,
			);
			runOnlyForDeploymentPostprocessing = 0;
		};
/* End PBXSourcesBuildPhase section */

/* Begin PBXTargetDependency section */
		E41387DF29C4B55B000A07CC /* PBXTargetDependency */ = {
			isa = PBXTargetDependency;
			target = E41387D329C4B55B000A07CC /* Infraestructure */;
			targetProxy = E41387DE29C4B55B000A07CC /* PBXContainerItemProxy */;
		};
/* End PBXTargetDependency section */

/* Begin XCBuildConfiguration section */
		E41387E429C4B55B000A07CC /* Debug */ = {
			isa = XCBuildConfiguration;
			buildSettings = {
				ALWAYS_SEARCH_USER_PATHS = NO;
				CLANG_ANALYZER_NONNULL = YES;
				CLANG_ANALYZER_NUMBER_OBJECT_CONVERSION = YES_AGGRESSIVE;
				CLANG_CXX_LANGUAGE_STANDARD = "gnu++20";
				CLANG_ENABLE_MODULES = YES;
				CLANG_ENABLE_OBJC_ARC = YES;
				CLANG_ENABLE_OBJC_WEAK = YES;
				CLANG_WARN_BLOCK_CAPTURE_AUTORELEASING = YES;
				CLANG_WARN_BOOL_CONVERSION = YES;
				CLANG_WARN_COMMA = YES;
				CLANG_WARN_CONSTANT_CONVERSION = YES;
				CLANG_WARN_DEPRECATED_OBJC_IMPLEMENTATIONS = YES;
				CLANG_WARN_DIRECT_OBJC_ISA_USAGE = YES_ERROR;
				CLANG_WARN_DOCUMENTATION_COMMENTS = YES;
				CLANG_WARN_EMPTY_BODY = YES;
				CLANG_WARN_ENUM_CONVERSION = YES;
				CLANG_WARN_INFINITE_RECURSION = YES;
				CLANG_WARN_INT_CONVERSION = YES;
				CLANG_WARN_NON_LITERAL_NULL_CONVERSION = YES;
				CLANG_WARN_OBJC_IMPLICIT_RETAIN_SELF = YES;
				CLANG_WARN_OBJC_LITERAL_CONVERSION = YES;
				CLANG_WARN_OBJC_ROOT_CLASS = YES_ERROR;
				CLANG_WARN_QUOTED_INCLUDE_IN_FRAMEWORK_HEADER = YES;
				CLANG_WARN_RANGE_LOOP_ANALYSIS = YES;
				CLANG_WARN_STRICT_PROTOTYPES = YES;
				CLANG_WARN_SUSPICIOUS_MOVE = YES;
				CLANG_WARN_UNGUARDED_AVAILABILITY = YES_AGGRESSIVE;
				CLANG_WARN_UNREACHABLE_CODE = YES;
				CLANG_WARN__DUPLICATE_METHOD_MATCH = YES;
				COPY_PHASE_STRIP = NO;
				CURRENT_PROJECT_VERSION = 1;
				DEBUG_INFORMATION_FORMAT = dwarf;
				ENABLE_STRICT_OBJC_MSGSEND = YES;
				ENABLE_TESTABILITY = YES;
				GCC_C_LANGUAGE_STANDARD = gnu11;
				GCC_DYNAMIC_NO_PIC = NO;
				GCC_NO_COMMON_BLOCKS = YES;
				GCC_OPTIMIZATION_LEVEL = 0;
				GCC_PREPROCESSOR_DEFINITIONS = (
					"DEBUG=1",
					"$(inherited)",
				);
				GCC_WARN_64_TO_32_BIT_CONVERSION = YES;
				GCC_WARN_ABOUT_RETURN_TYPE = YES_ERROR;
				GCC_WARN_UNDECLARED_SELECTOR = YES;
				GCC_WARN_UNINITIALIZED_AUTOS = YES_AGGRESSIVE;
				GCC_WARN_UNUSED_FUNCTION = YES;
				GCC_WARN_UNUSED_VARIABLE = YES;
				IPHONEOS_DEPLOYMENT_TARGET = 16.2;
				MTL_ENABLE_DEBUG_INFO = INCLUDE_SOURCE;
				MTL_FAST_MATH = YES;
				ONLY_ACTIVE_ARCH = YES;
				SDKROOT = iphoneos;
				SWIFT_ACTIVE_COMPILATION_CONDITIONS = DEBUG;
				SWIFT_OPTIMIZATION_LEVEL = "-Onone";
				VERSIONING_SYSTEM = "apple-generic";
				VERSION_INFO_PREFIX = "";
			};
			name = Debug;
		};
		E41387E529C4B55B000A07CC /* Release */ = {
			isa = XCBuildConfiguration;
			buildSettings = {
				ALWAYS_SEARCH_USER_PATHS = NO;
				CLANG_ANALYZER_NONNULL = YES;
				CLANG_ANALYZER_NUMBER_OBJECT_CONVERSION = YES_AGGRESSIVE;
				CLANG_CXX_LANGUAGE_STANDARD = "gnu++20";
				CLANG_ENABLE_MODULES = YES;
				CLANG_ENABLE_OBJC_ARC = YES;
				CLANG_ENABLE_OBJC_WEAK = YES;
				CLANG_WARN_BLOCK_CAPTURE_AUTORELEASING = YES;
				CLANG_WARN_BOOL_CONVERSION = YES;
				CLANG_WARN_COMMA = YES;
				CLANG_WARN_CONSTANT_CONVERSION = YES;
				CLANG_WARN_DEPRECATED_OBJC_IMPLEMENTATIONS = YES;
				CLANG_WARN_DIRECT_OBJC_ISA_USAGE = YES_ERROR;
				CLANG_WARN_DOCUMENTATION_COMMENTS = YES;
				CLANG_WARN_EMPTY_BODY = YES;
				CLANG_WARN_ENUM_CONVERSION = YES;
				CLANG_WARN_INFINITE_RECURSION = YES;
				CLANG_WARN_INT_CONVERSION = YES;
				CLANG_WARN_NON_LITERAL_NULL_CONVERSION = YES;
				CLANG_WARN_OBJC_IMPLICIT_RETAIN_SELF = YES;
				CLANG_WARN_OBJC_LITERAL_CONVERSION = YES;
				CLANG_WARN_OBJC_ROOT_CLASS = YES_ERROR;
				CLANG_WARN_QUOTED_INCLUDE_IN_FRAMEWORK_HEADER = YES;
				CLANG_WARN_RANGE_LOOP_ANALYSIS = YES;
				CLANG_WARN_STRICT_PROTOTYPES = YES;
				CLANG_WARN_SUSPICIOUS_MOVE = YES;
				CLANG_WARN_UNGUARDED_AVAILABILITY = YES_AGGRESSIVE;
				CLANG_WARN_UNREACHABLE_CODE = YES;
				CLANG_WARN__DUPLICATE_METHOD_MATCH = YES;
				COPY_PHASE_STRIP = NO;
				CURRENT_PROJECT_VERSION = 1;
				DEBUG_INFORMATION_FORMAT = "dwarf-with-dsym";
				ENABLE_NS_ASSERTIONS = NO;
				ENABLE_STRICT_OBJC_MSGSEND = YES;
				GCC_C_LANGUAGE_STANDARD = gnu11;
				GCC_NO_COMMON_BLOCKS = YES;
				GCC_WARN_64_TO_32_BIT_CONVERSION = YES;
				GCC_WARN_ABOUT_RETURN_TYPE = YES_ERROR;
				GCC_WARN_UNDECLARED_SELECTOR = YES;
				GCC_WARN_UNINITIALIZED_AUTOS = YES_AGGRESSIVE;
				GCC_WARN_UNUSED_FUNCTION = YES;
				GCC_WARN_UNUSED_VARIABLE = YES;
				IPHONEOS_DEPLOYMENT_TARGET = 16.2;
				MTL_ENABLE_DEBUG_INFO = NO;
				MTL_FAST_MATH = YES;
				SDKROOT = iphoneos;
				SWIFT_COMPILATION_MODE = wholemodule;
				SWIFT_OPTIMIZATION_LEVEL = "-O";
				VALIDATE_PRODUCT = YES;
				VERSIONING_SYSTEM = "apple-generic";
				VERSION_INFO_PREFIX = "";
			};
			name = Release;
		};
		E41387E729C4B55B000A07CC /* Debug */ = {
			isa = XCBuildConfiguration;
			buildSettings = {
				CLANG_ENABLE_MODULES = YES;
				CODE_SIGN_STYLE = Automatic;
				CURRENT_PROJECT_VERSION = 1;
				DEFINES_MODULE = YES;
				DYLIB_COMPATIBILITY_VERSION = 1;
				DYLIB_CURRENT_VERSION = 1;
				DYLIB_INSTALL_NAME_BASE = "@rpath";
				GENERATE_INFOPLIST_FILE = YES;
				INFOPLIST_KEY_NSHumanReadableCopyright = "";
				INSTALL_PATH = "$(LOCAL_LIBRARY_DIR)/Frameworks";
				IPHONEOS_DEPLOYMENT_TARGET = 14.0;
				LD_RUNPATH_SEARCH_PATHS = (
					"$(inherited)",
					"@executable_path/Frameworks",
					"@loader_path/Frameworks",
				);
				MARKETING_VERSION = 1.0;
				PRODUCT_BUNDLE_IDENTIFIER = com.jaime.uribe.Infraestructure;
				PRODUCT_NAME = "$(TARGET_NAME:c99extidentifier)";
				SKIP_INSTALL = YES;
				SWIFT_EMIT_LOC_STRINGS = YES;
				SWIFT_OPTIMIZATION_LEVEL = "-Onone";
				SWIFT_VERSION = 5.0;
				TARGETED_DEVICE_FAMILY = "1,2";
			};
			name = Debug;
		};
		E41387E829C4B55B000A07CC /* Release */ = {
			isa = XCBuildConfiguration;
			buildSettings = {
				CLANG_ENABLE_MODULES = YES;
				CODE_SIGN_STYLE = Automatic;
				CURRENT_PROJECT_VERSION = 1;
				DEFINES_MODULE = YES;
				DYLIB_COMPATIBILITY_VERSION = 1;
				DYLIB_CURRENT_VERSION = 1;
				DYLIB_INSTALL_NAME_BASE = "@rpath";
				GENERATE_INFOPLIST_FILE = YES;
				INFOPLIST_KEY_NSHumanReadableCopyright = "";
				INSTALL_PATH = "$(LOCAL_LIBRARY_DIR)/Frameworks";
				IPHONEOS_DEPLOYMENT_TARGET = 14.0;
				LD_RUNPATH_SEARCH_PATHS = (
					"$(inherited)",
					"@executable_path/Frameworks",
					"@loader_path/Frameworks",
				);
				MARKETING_VERSION = 1.0;
				PRODUCT_BUNDLE_IDENTIFIER = com.jaime.uribe.Infraestructure;
				PRODUCT_NAME = "$(TARGET_NAME:c99extidentifier)";
				SKIP_INSTALL = YES;
				SWIFT_EMIT_LOC_STRINGS = YES;
				SWIFT_VERSION = 5.0;
				TARGETED_DEVICE_FAMILY = "1,2";
			};
			name = Release;
		};
		E41387EA29C4B55B000A07CC /* Debug */ = {
			isa = XCBuildConfiguration;
			buildSettings = {
				ALWAYS_EMBED_SWIFT_STANDARD_LIBRARIES = YES;
				CODE_SIGN_STYLE = Automatic;
				CURRENT_PROJECT_VERSION = 1;
				GENERATE_INFOPLIST_FILE = YES;
				MARKETING_VERSION = 1.0;
				PRODUCT_BUNDLE_IDENTIFIER = com.jaime.uribe.InfraestructureTests;
				PRODUCT_NAME = "$(TARGET_NAME)";
				SWIFT_EMIT_LOC_STRINGS = NO;
				SWIFT_VERSION = 5.0;
				TARGETED_DEVICE_FAMILY = "1,2";
			};
			name = Debug;
		};
		E41387EB29C4B55B000A07CC /* Release */ = {
			isa = XCBuildConfiguration;
			buildSettings = {
				ALWAYS_EMBED_SWIFT_STANDARD_LIBRARIES = YES;
				CODE_SIGN_STYLE = Automatic;
				CURRENT_PROJECT_VERSION = 1;
				GENERATE_INFOPLIST_FILE = YES;
				MARKETING_VERSION = 1.0;
				PRODUCT_BUNDLE_IDENTIFIER = com.jaime.uribe.InfraestructureTests;
				PRODUCT_NAME = "$(TARGET_NAME)";
				SWIFT_EMIT_LOC_STRINGS = NO;
				SWIFT_VERSION = 5.0;
				TARGETED_DEVICE_FAMILY = "1,2";
			};
			name = Release;
		};
/* End XCBuildConfiguration section */

/* Begin XCConfigurationList section */
		E41387CE29C4B55B000A07CC /* Build configuration list for PBXProject "Infraestructure" */ = {
			isa = XCConfigurationList;
			buildConfigurations = (
				E41387E429C4B55B000A07CC /* Debug */,
				E41387E529C4B55B000A07CC /* Release */,
			);
			defaultConfigurationIsVisible = 0;
			defaultConfigurationName = Release;
		};
		E41387E629C4B55B000A07CC /* Build configuration list for PBXNativeTarget "Infraestructure" */ = {
			isa = XCConfigurationList;
			buildConfigurations = (
				E41387E729C4B55B000A07CC /* Debug */,
				E41387E829C4B55B000A07CC /* Release */,
			);
			defaultConfigurationIsVisible = 0;
			defaultConfigurationName = Release;
		};
		E41387E929C4B55B000A07CC /* Build configuration list for PBXNativeTarget "InfraestructureTests" */ = {
			isa = XCConfigurationList;
			buildConfigurations = (
				E41387EA29C4B55B000A07CC /* Debug */,
				E41387EB29C4B55B000A07CC /* Release */,
			);
			defaultConfigurationIsVisible = 0;
			defaultConfigurationName = Release;
		};
/* End XCConfigurationList section */

/* Begin XCRemoteSwiftPackageReference section */
		E42C1C1029DB251C0078707A /* XCRemoteSwiftPackageReference "Factory" */ = {
			isa = XCRemoteSwiftPackageReference;
			repositoryURL = "https://github.com/hmlongco/Factory";
			requirement = {
				kind = upToNextMajorVersion;
				minimumVersion = 2.0.0;
			};
		};
		E42C1C2C29DB842A0078707A /* XCRemoteSwiftPackageReference "realm-swift" */ = {
			isa = XCRemoteSwiftPackageReference;
			repositoryURL = "https://github.com/realm/realm-swift.git";
			requirement = {
				branch = master;
				kind = branch;
			};
		};
/* End XCRemoteSwiftPackageReference section */

/* Begin XCSwiftPackageProductDependency section */
		E42C1C1129DB251C0078707A /* Factory */ = {
			isa = XCSwiftPackageProductDependency;
			package = E42C1C1029DB251C0078707A /* XCRemoteSwiftPackageReference "Factory" */;
			productName = Factory;
		};
		E42C1C2D29DB842A0078707A /* Realm */ = {
			isa = XCSwiftPackageProductDependency;
			package = E42C1C2C29DB842A0078707A /* XCRemoteSwiftPackageReference "realm-swift" */;
			productName = Realm;
		};
		E42C1C2F29DB842A0078707A /* RealmSwift */ = {
			isa = XCSwiftPackageProductDependency;
			package = E42C1C2C29DB842A0078707A /* XCRemoteSwiftPackageReference "realm-swift" */;
			productName = RealmSwift;
		};
/* End XCSwiftPackageProductDependency section */

/* Begin XCVersionGroup section */
		E404FD9229CE3C7500DB4F7F /* RegisterVehiclesDB.xcdatamodeld */ = {
			isa = XCVersionGroup;
			children = (
				E404FD9329CE3C7500DB4F7F /* RegisterVehiclesDB.xcdatamodel */,
			);
			currentVersion = E404FD9329CE3C7500DB4F7F /* RegisterVehiclesDB.xcdatamodel */;
			path = RegisterVehiclesDB.xcdatamodeld;
			sourceTree = "<group>";
			versionGroupType = wrapper.xcdatamodel;
		};
/* End XCVersionGroup section */
	};
	rootObject = E41387CB29C4B55B000A07CC /* Project object */;
}
