// !$*UTF8*$!
{
	archiveVersion = 1;
	classes = {
	};
	objectVersion = 56;
	objects = {

/* Begin PBXBuildFile section */
		E404FD1C29CB603C00DB4F7F /* DomainTestMock.swift in Sources */ = {isa = PBXBuildFile; fileRef = E404FD1B29CB603C00DB4F7F /* DomainTestMock.swift */; };
		E404FD2E29CC9B0A00DB4F7F /* RegisterVehicleRepository.swift in Sources */ = {isa = PBXBuildFile; fileRef = E404FD2D29CC9B0A00DB4F7F /* RegisterVehicleRepository.swift */; };
		E404FD4729CD442200DB4F7F /* RegisterVehicle.swift in Sources */ = {isa = PBXBuildFile; fileRef = E404FD4629CD442200DB4F7F /* RegisterVehicle.swift */; };
		E404FD4D29CDCB5400DB4F7F /* ExitVehicle.swift in Sources */ = {isa = PBXBuildFile; fileRef = E404FD4C29CDCB5400DB4F7F /* ExitVehicle.swift */; };
		E404FD4F29CDE14E00DB4F7F /* ExitMotorcycle.swift in Sources */ = {isa = PBXBuildFile; fileRef = E404FD4E29CDE14E00DB4F7F /* ExitMotorcycle.swift */; };
		E404FD5129CDE19100DB4F7F /* ExitCar.swift in Sources */ = {isa = PBXBuildFile; fileRef = E404FD5029CDE19100DB4F7F /* ExitCar.swift */; };
		E404FD5829CDF10F00DB4F7F /* RegisterVehicleTests.swift in Sources */ = {isa = PBXBuildFile; fileRef = E404FD5729CDF10F00DB4F7F /* RegisterVehicleTests.swift */; };
		E404FD5C29CDF81800DB4F7F /* ExitCarTests.swift in Sources */ = {isa = PBXBuildFile; fileRef = E404FD5B29CDF81800DB4F7F /* ExitCarTests.swift */; };
		E404FD5E29CDFC2F00DB4F7F /* ExitMotorcycleTests.swift in Sources */ = {isa = PBXBuildFile; fileRef = E404FD5D29CDFC2F00DB4F7F /* ExitMotorcycleTests.swift */; };
		E413879B29C493D8000A07CC /* Domain.docc in Sources */ = {isa = PBXBuildFile; fileRef = E413879A29C493D8000A07CC /* Domain.docc */; };
		E41387A129C493D8000A07CC /* Domain.framework in Frameworks */ = {isa = PBXBuildFile; fileRef = E413879629C493D8000A07CC /* Domain.framework */; };
		E41387A729C493D8000A07CC /* Domain.h in Headers */ = {isa = PBXBuildFile; fileRef = E413879929C493D8000A07CC /* Domain.h */; settings = {ATTRIBUTES = (Public, ); }; };
		E41387BD29C4981E000A07CC /* Vehicle.swift in Sources */ = {isa = PBXBuildFile; fileRef = E41387BC29C4981E000A07CC /* Vehicle.swift */; };
		E41387BF29C498F7000A07CC /* Motorcycle.swift in Sources */ = {isa = PBXBuildFile; fileRef = E41387BE29C498F7000A07CC /* Motorcycle.swift */; };
		E41387C129C499AD000A07CC /* Car.swift in Sources */ = {isa = PBXBuildFile; fileRef = E41387C029C499AD000A07CC /* Car.swift */; };
		E41387C629C4A8AB000A07CC /* CarTests.swift in Sources */ = {isa = PBXBuildFile; fileRef = E41387C529C4A8AB000A07CC /* CarTests.swift */; };
		E41387C929C4A979000A07CC /* MotorcycleTests.swift in Sources */ = {isa = PBXBuildFile; fileRef = E41387C829C4A979000A07CC /* MotorcycleTests.swift */; };
		E42BF08D29D4910B008B5F45 /* RegisterVehicleService.swift in Sources */ = {isa = PBXBuildFile; fileRef = E42BF08C29D4910B008B5F45 /* RegisterVehicleService.swift */; };
		E4B5F47329D219E5002BDB13 /* RegisterCarServiceTest.swift in Sources */ = {isa = PBXBuildFile; fileRef = E4B5F47229D219E5002BDB13 /* RegisterCarServiceTest.swift */; };
		E4B5F47729D21AEF002BDB13 /* RegisterVehicleRepositoryStub.swift in Sources */ = {isa = PBXBuildFile; fileRef = E4B5F47629D21AEF002BDB13 /* RegisterVehicleRepositoryStub.swift */; };
		E4B5F47D29D233DC002BDB13 /* RegisterVehicleError.swift in Sources */ = {isa = PBXBuildFile; fileRef = E4B5F47C29D233DC002BDB13 /* RegisterVehicleError.swift */; };
		E4B5F48229D234BB002BDB13 /* VehicleError.swift in Sources */ = {isa = PBXBuildFile; fileRef = E4B5F48129D234BB002BDB13 /* VehicleError.swift */; };
		E4B5F48729D23BAB002BDB13 /* RegisterCarService.swift in Sources */ = {isa = PBXBuildFile; fileRef = E4B5F48629D23BAB002BDB13 /* RegisterCarService.swift */; };
		E4B5F48929D23D12002BDB13 /* RegisterMotorcycleService.swift in Sources */ = {isa = PBXBuildFile; fileRef = E4B5F48829D23D12002BDB13 /* RegisterMotorcycleService.swift */; };
		E4B5F48C29D23E45002BDB13 /* ExitVehicleRepository.swift in Sources */ = {isa = PBXBuildFile; fileRef = E4B5F48B29D23E45002BDB13 /* ExitVehicleRepository.swift */; };
		E4B5F49129D23FBD002BDB13 /* ExitVehicleService.swift in Sources */ = {isa = PBXBuildFile; fileRef = E4B5F49029D23FBD002BDB13 /* ExitVehicleService.swift */; };
		E4B5F4B229D39EA4002BDB13 /* ExitCarServiceTest.swift in Sources */ = {isa = PBXBuildFile; fileRef = E4B5F4B129D39EA4002BDB13 /* ExitCarServiceTest.swift */; };
		E4B5F4B529D39FAC002BDB13 /* ExitVehicleRepositoryStub.swift in Sources */ = {isa = PBXBuildFile; fileRef = E4B5F4B429D39FAC002BDB13 /* ExitVehicleRepositoryStub.swift */; };
		E4B5F4B829D3A679002BDB13 /* ExitVehicleServiceTest.swift in Sources */ = {isa = PBXBuildFile; fileRef = E4B5F4B729D3A679002BDB13 /* ExitVehicleServiceTest.swift */; };
		E4B5F4BD29D3B5AA002BDB13 /* Constants.swift in Sources */ = {isa = PBXBuildFile; fileRef = E4B5F4BC29D3B5AA002BDB13 /* Constants.swift */; };
/* End PBXBuildFile section */

/* Begin PBXContainerItemProxy section */
		E41387A229C493D8000A07CC /* PBXContainerItemProxy */ = {
			isa = PBXContainerItemProxy;
			containerPortal = E413878D29C493D8000A07CC /* Project object */;
			proxyType = 1;
			remoteGlobalIDString = E413879529C493D8000A07CC;
			remoteInfo = Domain;
		};
/* End PBXContainerItemProxy section */

/* Begin PBXFileReference section */
		E404FD1B29CB603C00DB4F7F /* DomainTestMock.swift */ = {isa = PBXFileReference; lastKnownFileType = sourcecode.swift; path = DomainTestMock.swift; sourceTree = "<group>"; };
		E404FD2D29CC9B0A00DB4F7F /* RegisterVehicleRepository.swift */ = {isa = PBXFileReference; lastKnownFileType = sourcecode.swift; path = RegisterVehicleRepository.swift; sourceTree = "<group>"; };
		E404FD4629CD442200DB4F7F /* RegisterVehicle.swift */ = {isa = PBXFileReference; lastKnownFileType = sourcecode.swift; path = RegisterVehicle.swift; sourceTree = "<group>"; };
		E404FD4C29CDCB5400DB4F7F /* ExitVehicle.swift */ = {isa = PBXFileReference; lastKnownFileType = sourcecode.swift; path = ExitVehicle.swift; sourceTree = "<group>"; };
		E404FD4E29CDE14E00DB4F7F /* ExitMotorcycle.swift */ = {isa = PBXFileReference; lastKnownFileType = sourcecode.swift; path = ExitMotorcycle.swift; sourceTree = "<group>"; };
		E404FD5029CDE19100DB4F7F /* ExitCar.swift */ = {isa = PBXFileReference; lastKnownFileType = sourcecode.swift; path = ExitCar.swift; sourceTree = "<group>"; };
		E404FD5729CDF10F00DB4F7F /* RegisterVehicleTests.swift */ = {isa = PBXFileReference; lastKnownFileType = sourcecode.swift; path = RegisterVehicleTests.swift; sourceTree = "<group>"; };
		E404FD5B29CDF81800DB4F7F /* ExitCarTests.swift */ = {isa = PBXFileReference; lastKnownFileType = sourcecode.swift; path = ExitCarTests.swift; sourceTree = "<group>"; };
		E404FD5D29CDFC2F00DB4F7F /* ExitMotorcycleTests.swift */ = {isa = PBXFileReference; lastKnownFileType = sourcecode.swift; path = ExitMotorcycleTests.swift; sourceTree = "<group>"; };
		E413879629C493D8000A07CC /* Domain.framework */ = {isa = PBXFileReference; explicitFileType = wrapper.framework; includeInIndex = 0; path = Domain.framework; sourceTree = BUILT_PRODUCTS_DIR; };
		E413879929C493D8000A07CC /* Domain.h */ = {isa = PBXFileReference; lastKnownFileType = sourcecode.c.h; path = Domain.h; sourceTree = "<group>"; };
		E413879A29C493D8000A07CC /* Domain.docc */ = {isa = PBXFileReference; lastKnownFileType = folder.documentationcatalog; path = Domain.docc; sourceTree = "<group>"; };
		E41387A029C493D8000A07CC /* DomainTests.xctest */ = {isa = PBXFileReference; explicitFileType = wrapper.cfbundle; includeInIndex = 0; path = DomainTests.xctest; sourceTree = BUILT_PRODUCTS_DIR; };
		E41387BC29C4981E000A07CC /* Vehicle.swift */ = {isa = PBXFileReference; lastKnownFileType = sourcecode.swift; path = Vehicle.swift; sourceTree = "<group>"; };
		E41387BE29C498F7000A07CC /* Motorcycle.swift */ = {isa = PBXFileReference; lastKnownFileType = sourcecode.swift; path = Motorcycle.swift; sourceTree = "<group>"; };
		E41387C029C499AD000A07CC /* Car.swift */ = {isa = PBXFileReference; lastKnownFileType = sourcecode.swift; path = Car.swift; sourceTree = "<group>"; };
		E41387C529C4A8AB000A07CC /* CarTests.swift */ = {isa = PBXFileReference; lastKnownFileType = sourcecode.swift; path = CarTests.swift; sourceTree = "<group>"; };
		E41387C829C4A979000A07CC /* MotorcycleTests.swift */ = {isa = PBXFileReference; lastKnownFileType = sourcecode.swift; path = MotorcycleTests.swift; sourceTree = "<group>"; };
		E42BF08C29D4910B008B5F45 /* RegisterVehicleService.swift */ = {isa = PBXFileReference; lastKnownFileType = sourcecode.swift; path = RegisterVehicleService.swift; sourceTree = "<group>"; };
		E4B5F47229D219E5002BDB13 /* RegisterCarServiceTest.swift */ = {isa = PBXFileReference; lastKnownFileType = sourcecode.swift; path = RegisterCarServiceTest.swift; sourceTree = "<group>"; };
		E4B5F47629D21AEF002BDB13 /* RegisterVehicleRepositoryStub.swift */ = {isa = PBXFileReference; lastKnownFileType = sourcecode.swift; path = RegisterVehicleRepositoryStub.swift; sourceTree = "<group>"; };
		E4B5F47C29D233DC002BDB13 /* RegisterVehicleError.swift */ = {isa = PBXFileReference; lastKnownFileType = sourcecode.swift; path = RegisterVehicleError.swift; sourceTree = "<group>"; };
		E4B5F48129D234BB002BDB13 /* VehicleError.swift */ = {isa = PBXFileReference; lastKnownFileType = sourcecode.swift; path = VehicleError.swift; sourceTree = "<group>"; };
		E4B5F48629D23BAB002BDB13 /* RegisterCarService.swift */ = {isa = PBXFileReference; lastKnownFileType = sourcecode.swift; path = RegisterCarService.swift; sourceTree = "<group>"; };
		E4B5F48829D23D12002BDB13 /* RegisterMotorcycleService.swift */ = {isa = PBXFileReference; lastKnownFileType = sourcecode.swift; path = RegisterMotorcycleService.swift; sourceTree = "<group>"; };
		E4B5F48B29D23E45002BDB13 /* ExitVehicleRepository.swift */ = {isa = PBXFileReference; lastKnownFileType = sourcecode.swift; path = ExitVehicleRepository.swift; sourceTree = "<group>"; };
		E4B5F49029D23FBD002BDB13 /* ExitVehicleService.swift */ = {isa = PBXFileReference; lastKnownFileType = sourcecode.swift; path = ExitVehicleService.swift; sourceTree = "<group>"; };
		E4B5F4B129D39EA4002BDB13 /* ExitCarServiceTest.swift */ = {isa = PBXFileReference; lastKnownFileType = sourcecode.swift; path = ExitCarServiceTest.swift; sourceTree = "<group>"; };
		E4B5F4B429D39FAC002BDB13 /* ExitVehicleRepositoryStub.swift */ = {isa = PBXFileReference; lastKnownFileType = sourcecode.swift; path = ExitVehicleRepositoryStub.swift; sourceTree = "<group>"; };
		E4B5F4B729D3A679002BDB13 /* ExitVehicleServiceTest.swift */ = {isa = PBXFileReference; lastKnownFileType = sourcecode.swift; path = ExitVehicleServiceTest.swift; sourceTree = "<group>"; };
		E4B5F4BC29D3B5AA002BDB13 /* Constants.swift */ = {isa = PBXFileReference; lastKnownFileType = sourcecode.swift; path = Constants.swift; sourceTree = "<group>"; };
/* End PBXFileReference section */

/* Begin PBXFrameworksBuildPhase section */
		E413879329C493D8000A07CC /* Frameworks */ = {
			isa = PBXFrameworksBuildPhase;
			buildActionMask = 2147483647;
			files = (
			);
			runOnlyForDeploymentPostprocessing = 0;
		};
		E413879D29C493D8000A07CC /* Frameworks */ = {
			isa = PBXFrameworksBuildPhase;
			buildActionMask = 2147483647;
			files = (
				E41387A129C493D8000A07CC /* Domain.framework in Frameworks */,
			);
			runOnlyForDeploymentPostprocessing = 0;
		};
/* End PBXFrameworksBuildPhase section */

/* Begin PBXGroup section */
		E404FD1A29CB601B00DB4F7F /* Mock */ = {
			isa = PBXGroup;
			children = (
				E404FD1B29CB603C00DB4F7F /* DomainTestMock.swift */,
			);
			path = Mock;
			sourceTree = "<group>";
		};
		E413878C29C493D8000A07CC = {
			isa = PBXGroup;
			children = (
				E413879829C493D8000A07CC /* Domain */,
				E41387A429C493D8000A07CC /* DomainTests */,
				E413879729C493D8000A07CC /* Products */,
			);
			sourceTree = "<group>";
		};
		E413879729C493D8000A07CC /* Products */ = {
			isa = PBXGroup;
			children = (
				E413879629C493D8000A07CC /* Domain.framework */,
				E41387A029C493D8000A07CC /* DomainTests.xctest */,
			);
			name = Products;
			sourceTree = "<group>";
		};
		E413879829C493D8000A07CC /* Domain */ = {
			isa = PBXGroup;
			children = (
				E4B5F4BB29D3B57B002BDB13 /* Common */,
				E4B5F47929D23127002BDB13 /* ExitVechicle */,
				E4B5F47829D23110002BDB13 /* RegisterVehicle */,
			);
			path = Domain;
			sourceTree = "<group>";
		};
		E41387A429C493D8000A07CC /* DomainTests */ = {
			isa = PBXGroup;
			children = (
				E4B5F4AF29D39E13002BDB13 /* ExitVehicle */,
				E404FD1A29CB601B00DB4F7F /* Mock */,
				E4B5F4B029D39E2D002BDB13 /* RegisterVehicle */,
				E41387C429C4A887000A07CC /* Vehicle */,
			);
			path = DomainTests;
			sourceTree = "<group>";
		};
		E41387C429C4A887000A07CC /* Vehicle */ = {
			isa = PBXGroup;
			children = (
				E41387C529C4A8AB000A07CC /* CarTests.swift */,
				E41387C829C4A979000A07CC /* MotorcycleTests.swift */,
				E404FD5B29CDF81800DB4F7F /* ExitCarTests.swift */,
			);
			path = Vehicle;
			sourceTree = "<group>";
		};
		E4B5F47529D21A70002BDB13 /* Stub */ = {
			isa = PBXGroup;
			children = (
				E4B5F4B429D39FAC002BDB13 /* ExitVehicleRepositoryStub.swift */,
			);
			path = Stub;
			sourceTree = "<group>";
		};
		E4B5F47829D23110002BDB13 /* RegisterVehicle */ = {
			isa = PBXGroup;
			children = (
				E4B5F47F29D2341A002BDB13 /* Exception */,
				E4B5F47E29D2340E002BDB13 /* Model */,
				E4B5F48429D23AD5002BDB13 /* Repository */,
				E4B5F48529D23B5B002BDB13 /* Service */,
			);
			path = RegisterVehicle;
			sourceTree = "<group>";
		};
		E4B5F47929D23127002BDB13 /* ExitVechicle */ = {
			isa = PBXGroup;
			children = (
				E4B5F48329D23A43002BDB13 /* Model */,
				E4B5F48A29D23E1A002BDB13 /* Repository */,
				E4B5F48F29D23F8E002BDB13 /* Service */,
				E4B5F47A29D23149002BDB13 /* Vehicle */,
			);
			path = ExitVechicle;
			sourceTree = "<group>";
		};
		E4B5F47A29D23149002BDB13 /* Vehicle */ = {
			isa = PBXGroup;
			children = (
				E4B5F48029D2343A002BDB13 /* Exception */,
				E4B5F47B29D2316A002BDB13 /* Model */,
			);
			path = Vehicle;
			sourceTree = "<group>";
		};
		E4B5F47B29D2316A002BDB13 /* Model */ = {
			isa = PBXGroup;
			children = (
				E41387C029C499AD000A07CC /* Car.swift */,
				E41387BE29C498F7000A07CC /* Motorcycle.swift */,
				E41387BC29C4981E000A07CC /* Vehicle.swift */,
			);
			path = Model;
			sourceTree = "<group>";
		};
		E4B5F47E29D2340E002BDB13 /* Model */ = {
			isa = PBXGroup;
			children = (
				E404FD4629CD442200DB4F7F /* RegisterVehicle.swift */,
			);
			path = Model;
			sourceTree = "<group>";
		};
		E4B5F47F29D2341A002BDB13 /* Exception */ = {
			isa = PBXGroup;
			children = (
				E4B5F47C29D233DC002BDB13 /* RegisterVehicleError.swift */,
			);
			path = Exception;
			sourceTree = "<group>";
		};
		E4B5F48029D2343A002BDB13 /* Exception */ = {
			isa = PBXGroup;
			children = (
				E4B5F48129D234BB002BDB13 /* VehicleError.swift */,
			);
			path = Exception;
			sourceTree = "<group>";
		};
		E4B5F48329D23A43002BDB13 /* Model */ = {
			isa = PBXGroup;
			children = (
				E404FD4E29CDE14E00DB4F7F /* ExitMotorcycle.swift */,
				E404FD5029CDE19100DB4F7F /* ExitCar.swift */,
				E404FD4C29CDCB5400DB4F7F /* ExitVehicle.swift */,
			);
			path = Model;
			sourceTree = "<group>";
		};
		E4B5F48429D23AD5002BDB13 /* Repository */ = {
			isa = PBXGroup;
			children = (
				E404FD2D29CC9B0A00DB4F7F /* RegisterVehicleRepository.swift */,
			);
			path = Repository;
			sourceTree = "<group>";
		};
		E4B5F48529D23B5B002BDB13 /* Service */ = {
			isa = PBXGroup;
			children = (
				E4B5F48629D23BAB002BDB13 /* RegisterCarService.swift */,
				E4B5F48829D23D12002BDB13 /* RegisterMotorcycleService.swift */,
				E42BF08C29D4910B008B5F45 /* RegisterVehicleService.swift */,
			);
			path = Service;
			sourceTree = "<group>";
		};
		E4B5F48A29D23E1A002BDB13 /* Repository */ = {
			isa = PBXGroup;
			children = (
				E4B5F48B29D23E45002BDB13 /* ExitVehicleRepository.swift */,
			);
			path = Repository;
			sourceTree = "<group>";
		};
		E4B5F48F29D23F8E002BDB13 /* Service */ = {
			isa = PBXGroup;
			children = (
				E4B5F49029D23FBD002BDB13 /* ExitVehicleService.swift */,
			);
			path = Service;
			sourceTree = "<group>";
		};
		E4B5F4AF29D39E13002BDB13 /* ExitVehicle */ = {
			isa = PBXGroup;
			children = (
				E4B5F47529D21A70002BDB13 /* Stub */,
				E404FD5D29CDFC2F00DB4F7F /* ExitMotorcycleTests.swift */,
				E4B5F4B129D39EA4002BDB13 /* ExitCarServiceTest.swift */,
				E4B5F4B729D3A679002BDB13 /* ExitVehicleServiceTest.swift */,
			);
			path = ExitVehicle;
			sourceTree = "<group>";
		};
		E4B5F4B029D39E2D002BDB13 /* RegisterVehicle */ = {
			isa = PBXGroup;
			children = (
				E4B5F4B629D3A1A2002BDB13 /* Stub */,
				E404FD5729CDF10F00DB4F7F /* RegisterVehicleTests.swift */,
				E4B5F47229D219E5002BDB13 /* RegisterCarServiceTest.swift */,
			);
			path = RegisterVehicle;
			sourceTree = "<group>";
		};
		E4B5F4B629D3A1A2002BDB13 /* Stub */ = {
			isa = PBXGroup;
			children = (
				E4B5F47629D21AEF002BDB13 /* RegisterVehicleRepositoryStub.swift */,
			);
			path = Stub;
			sourceTree = "<group>";
		};
		E4B5F4BB29D3B57B002BDB13 /* Common */ = {
			isa = PBXGroup;
			children = (
				E413879929C493D8000A07CC /* Domain.h */,
				E413879A29C493D8000A07CC /* Domain.docc */,
				E4B5F4BC29D3B5AA002BDB13 /* Constants.swift */,
			);
			path = Common;
			sourceTree = "<group>";
		};
/* End PBXGroup section */

/* Begin PBXHeadersBuildPhase section */
		E413879129C493D8000A07CC /* Headers */ = {
			isa = PBXHeadersBuildPhase;
			buildActionMask = 2147483647;
			files = (
				E41387A729C493D8000A07CC /* Domain.h in Headers */,
			);
			runOnlyForDeploymentPostprocessing = 0;
		};
/* End PBXHeadersBuildPhase section */

/* Begin PBXNativeTarget section */
		E413879529C493D8000A07CC /* Domain */ = {
			isa = PBXNativeTarget;
			buildConfigurationList = E41387AA29C493D8000A07CC /* Build configuration list for PBXNativeTarget "Domain" */;
			buildPhases = (
				E413879129C493D8000A07CC /* Headers */,
				E413879229C493D8000A07CC /* Sources */,
				E413879329C493D8000A07CC /* Frameworks */,
				E413879429C493D8000A07CC /* Resources */,
			);
			buildRules = (
			);
			dependencies = (
			);
			name = Domain;
			productName = Domain;
			productReference = E413879629C493D8000A07CC /* Domain.framework */;
			productType = "com.apple.product-type.framework";
		};
		E413879F29C493D8000A07CC /* DomainTests */ = {
			isa = PBXNativeTarget;
			buildConfigurationList = E41387AD29C493D8000A07CC /* Build configuration list for PBXNativeTarget "DomainTests" */;
			buildPhases = (
				E413879C29C493D8000A07CC /* Sources */,
				E413879D29C493D8000A07CC /* Frameworks */,
				E413879E29C493D8000A07CC /* Resources */,
			);
			buildRules = (
			);
			dependencies = (
				E41387A329C493D8000A07CC /* PBXTargetDependency */,
			);
			name = DomainTests;
			productName = DomainTests;
			productReference = E41387A029C493D8000A07CC /* DomainTests.xctest */;
			productType = "com.apple.product-type.bundle.unit-test";
		};
/* End PBXNativeTarget section */

/* Begin PBXProject section */
		E413878D29C493D8000A07CC /* Project object */ = {
			isa = PBXProject;
			attributes = {
				BuildIndependentTargetsInParallel = 1;
				LastSwiftUpdateCheck = 1420;
				LastUpgradeCheck = 1420;
				TargetAttributes = {
					E413879529C493D8000A07CC = {
						CreatedOnToolsVersion = 14.2;
					};
					E413879F29C493D8000A07CC = {
						CreatedOnToolsVersion = 14.2;
					};
				};
			};
			buildConfigurationList = E413879029C493D8000A07CC /* Build configuration list for PBXProject "Domain" */;
			compatibilityVersion = "Xcode 14.0";
			developmentRegion = en;
			hasScannedForEncodings = 0;
			knownRegions = (
				en,
				Base,
			);
			mainGroup = E413878C29C493D8000A07CC;
			productRefGroup = E413879729C493D8000A07CC /* Products */;
			projectDirPath = "";
			projectRoot = "";
			targets = (
				E413879529C493D8000A07CC /* Domain */,
				E413879F29C493D8000A07CC /* DomainTests */,
			);
		};
/* End PBXProject section */

/* Begin PBXResourcesBuildPhase section */
		E413879429C493D8000A07CC /* Resources */ = {
			isa = PBXResourcesBuildPhase;
			buildActionMask = 2147483647;
			files = (
			);
			runOnlyForDeploymentPostprocessing = 0;
		};
		E413879E29C493D8000A07CC /* Resources */ = {
			isa = PBXResourcesBuildPhase;
			buildActionMask = 2147483647;
			files = (
			);
			runOnlyForDeploymentPostprocessing = 0;
		};
/* End PBXResourcesBuildPhase section */

/* Begin PBXSourcesBuildPhase section */
		E413879229C493D8000A07CC /* Sources */ = {
			isa = PBXSourcesBuildPhase;
			buildActionMask = 2147483647;
			files = (
				E4B5F48729D23BAB002BDB13 /* RegisterCarService.swift in Sources */,
				E4B5F4BD29D3B5AA002BDB13 /* Constants.swift in Sources */,
				E404FD4D29CDCB5400DB4F7F /* ExitVehicle.swift in Sources */,
				E41387BF29C498F7000A07CC /* Motorcycle.swift in Sources */,
				E41387BD29C4981E000A07CC /* Vehicle.swift in Sources */,
				E4B5F47D29D233DC002BDB13 /* RegisterVehicleError.swift in Sources */,
				E4B5F48929D23D12002BDB13 /* RegisterMotorcycleService.swift in Sources */,
				E4B5F48C29D23E45002BDB13 /* ExitVehicleRepository.swift in Sources */,
				E404FD2E29CC9B0A00DB4F7F /* RegisterVehicleRepository.swift in Sources */,
				E4B5F48229D234BB002BDB13 /* VehicleError.swift in Sources */,
				E42BF08D29D4910B008B5F45 /* RegisterVehicleService.swift in Sources */,
				E404FD4729CD442200DB4F7F /* RegisterVehicle.swift in Sources */,
				E4B5F49129D23FBD002BDB13 /* ExitVehicleService.swift in Sources */,
				E41387C129C499AD000A07CC /* Car.swift in Sources */,
				E404FD5129CDE19100DB4F7F /* ExitCar.swift in Sources */,
				E413879B29C493D8000A07CC /* Domain.docc in Sources */,
				E404FD4F29CDE14E00DB4F7F /* ExitMotorcycle.swift in Sources */,
			);
			runOnlyForDeploymentPostprocessing = 0;
		};
		E413879C29C493D8000A07CC /* Sources */ = {
			isa = PBXSourcesBuildPhase;
			buildActionMask = 2147483647;
			files = (
				E4B5F4B829D3A679002BDB13 /* ExitVehicleServiceTest.swift in Sources */,
				E4B5F4B229D39EA4002BDB13 /* ExitCarServiceTest.swift in Sources */,
				E41387C929C4A979000A07CC /* MotorcycleTests.swift in Sources */,
				E404FD1C29CB603C00DB4F7F /* DomainTestMock.swift in Sources */,
				E41387C629C4A8AB000A07CC /* CarTests.swift in Sources */,
				E404FD5C29CDF81800DB4F7F /* ExitCarTests.swift in Sources */,
				E404FD5829CDF10F00DB4F7F /* RegisterVehicleTests.swift in Sources */,
				E4B5F47329D219E5002BDB13 /* RegisterCarServiceTest.swift in Sources */,
				E4B5F47729D21AEF002BDB13 /* RegisterVehicleRepositoryStub.swift in Sources */,
				E4B5F4B529D39FAC002BDB13 /* ExitVehicleRepositoryStub.swift in Sources */,
				E404FD5E29CDFC2F00DB4F7F /* ExitMotorcycleTests.swift in Sources */,
			);
			runOnlyForDeploymentPostprocessing = 0;
		};
/* End PBXSourcesBuildPhase section */

/* Begin PBXTargetDependency section */
		E41387A329C493D8000A07CC /* PBXTargetDependency */ = {
			isa = PBXTargetDependency;
			target = E413879529C493D8000A07CC /* Domain */;
			targetProxy = E41387A229C493D8000A07CC /* PBXContainerItemProxy */;
		};
/* End PBXTargetDependency section */

/* Begin XCBuildConfiguration section */
		E41387A829C493D8000A07CC /* Debug */ = {
			isa = XCBuildConfiguration;
			buildSettings = {
				ALWAYS_SEARCH_USER_PATHS = NO;
				CLANG_ANALYZER_NONNULL = YES;
				CLANG_ANALYZER_NUMBER_OBJECT_CONVERSION = YES_AGGRESSIVE;
				CLANG_CXX_LANGUAGE_STANDARD = "gnu++20";
				CLANG_ENABLE_MODULES = YES;
				CLANG_ENABLE_OBJC_ARC = YES;
				CLANG_ENABLE_OBJC_WEAK = YES;
				CLANG_WARN_BLOCK_CAPTURE_AUTORELEASING = YES;
				CLANG_WARN_BOOL_CONVERSION = YES;
				CLANG_WARN_COMMA = YES;
				CLANG_WARN_CONSTANT_CONVERSION = YES;
				CLANG_WARN_DEPRECATED_OBJC_IMPLEMENTATIONS = YES;
				CLANG_WARN_DIRECT_OBJC_ISA_USAGE = YES_ERROR;
				CLANG_WARN_DOCUMENTATION_COMMENTS = YES;
				CLANG_WARN_EMPTY_BODY = YES;
				CLANG_WARN_ENUM_CONVERSION = YES;
				CLANG_WARN_INFINITE_RECURSION = YES;
				CLANG_WARN_INT_CONVERSION = YES;
				CLANG_WARN_NON_LITERAL_NULL_CONVERSION = YES;
				CLANG_WARN_OBJC_IMPLICIT_RETAIN_SELF = YES;
				CLANG_WARN_OBJC_LITERAL_CONVERSION = YES;
				CLANG_WARN_OBJC_ROOT_CLASS = YES_ERROR;
				CLANG_WARN_QUOTED_INCLUDE_IN_FRAMEWORK_HEADER = YES;
				CLANG_WARN_RANGE_LOOP_ANALYSIS = YES;
				CLANG_WARN_STRICT_PROTOTYPES = YES;
				CLANG_WARN_SUSPICIOUS_MOVE = YES;
				CLANG_WARN_UNGUARDED_AVAILABILITY = YES_AGGRESSIVE;
				CLANG_WARN_UNREACHABLE_CODE = YES;
				CLANG_WARN__DUPLICATE_METHOD_MATCH = YES;
				COPY_PHASE_STRIP = NO;
				CURRENT_PROJECT_VERSION = 1;
				DEBUG_INFORMATION_FORMAT = dwarf;
				ENABLE_STRICT_OBJC_MSGSEND = YES;
				ENABLE_TESTABILITY = YES;
				GCC_C_LANGUAGE_STANDARD = gnu11;
				GCC_DYNAMIC_NO_PIC = NO;
				GCC_NO_COMMON_BLOCKS = YES;
				GCC_OPTIMIZATION_LEVEL = 0;
				GCC_PREPROCESSOR_DEFINITIONS = (
					"DEBUG=1",
					"$(inherited)",
				);
				GCC_WARN_64_TO_32_BIT_CONVERSION = YES;
				GCC_WARN_ABOUT_RETURN_TYPE = YES_ERROR;
				GCC_WARN_UNDECLARED_SELECTOR = YES;
				GCC_WARN_UNINITIALIZED_AUTOS = YES_AGGRESSIVE;
				GCC_WARN_UNUSED_FUNCTION = YES;
				GCC_WARN_UNUSED_VARIABLE = YES;
				IPHONEOS_DEPLOYMENT_TARGET = 16.2;
				MTL_ENABLE_DEBUG_INFO = INCLUDE_SOURCE;
				MTL_FAST_MATH = YES;
				ONLY_ACTIVE_ARCH = YES;
				SDKROOT = iphoneos;
				SWIFT_ACTIVE_COMPILATION_CONDITIONS = DEBUG;
				SWIFT_OPTIMIZATION_LEVEL = "-Onone";
				VERSIONING_SYSTEM = "apple-generic";
				VERSION_INFO_PREFIX = "";
			};
			name = Debug;
		};
		E41387A929C493D8000A07CC /* Release */ = {
			isa = XCBuildConfiguration;
			buildSettings = {
				ALWAYS_SEARCH_USER_PATHS = NO;
				CLANG_ANALYZER_NONNULL = YES;
				CLANG_ANALYZER_NUMBER_OBJECT_CONVERSION = YES_AGGRESSIVE;
				CLANG_CXX_LANGUAGE_STANDARD = "gnu++20";
				CLANG_ENABLE_MODULES = YES;
				CLANG_ENABLE_OBJC_ARC = YES;
				CLANG_ENABLE_OBJC_WEAK = YES;
				CLANG_WARN_BLOCK_CAPTURE_AUTORELEASING = YES;
				CLANG_WARN_BOOL_CONVERSION = YES;
				CLANG_WARN_COMMA = YES;
				CLANG_WARN_CONSTANT_CONVERSION = YES;
				CLANG_WARN_DEPRECATED_OBJC_IMPLEMENTATIONS = YES;
				CLANG_WARN_DIRECT_OBJC_ISA_USAGE = YES_ERROR;
				CLANG_WARN_DOCUMENTATION_COMMENTS = YES;
				CLANG_WARN_EMPTY_BODY = YES;
				CLANG_WARN_ENUM_CONVERSION = YES;
				CLANG_WARN_INFINITE_RECURSION = YES;
				CLANG_WARN_INT_CONVERSION = YES;
				CLANG_WARN_NON_LITERAL_NULL_CONVERSION = YES;
				CLANG_WARN_OBJC_IMPLICIT_RETAIN_SELF = YES;
				CLANG_WARN_OBJC_LITERAL_CONVERSION = YES;
				CLANG_WARN_OBJC_ROOT_CLASS = YES_ERROR;
				CLANG_WARN_QUOTED_INCLUDE_IN_FRAMEWORK_HEADER = YES;
				CLANG_WARN_RANGE_LOOP_ANALYSIS = YES;
				CLANG_WARN_STRICT_PROTOTYPES = YES;
				CLANG_WARN_SUSPICIOUS_MOVE = YES;
				CLANG_WARN_UNGUARDED_AVAILABILITY = YES_AGGRESSIVE;
				CLANG_WARN_UNREACHABLE_CODE = YES;
				CLANG_WARN__DUPLICATE_METHOD_MATCH = YES;
				COPY_PHASE_STRIP = NO;
				CURRENT_PROJECT_VERSION = 1;
				DEBUG_INFORMATION_FORMAT = "dwarf-with-dsym";
				ENABLE_NS_ASSERTIONS = NO;
				ENABLE_STRICT_OBJC_MSGSEND = YES;
				GCC_C_LANGUAGE_STANDARD = gnu11;
				GCC_NO_COMMON_BLOCKS = YES;
				GCC_WARN_64_TO_32_BIT_CONVERSION = YES;
				GCC_WARN_ABOUT_RETURN_TYPE = YES_ERROR;
				GCC_WARN_UNDECLARED_SELECTOR = YES;
				GCC_WARN_UNINITIALIZED_AUTOS = YES_AGGRESSIVE;
				GCC_WARN_UNUSED_FUNCTION = YES;
				GCC_WARN_UNUSED_VARIABLE = YES;
				IPHONEOS_DEPLOYMENT_TARGET = 16.2;
				MTL_ENABLE_DEBUG_INFO = NO;
				MTL_FAST_MATH = YES;
				SDKROOT = iphoneos;
				SWIFT_COMPILATION_MODE = wholemodule;
				SWIFT_OPTIMIZATION_LEVEL = "-O";
				VALIDATE_PRODUCT = YES;
				VERSIONING_SYSTEM = "apple-generic";
				VERSION_INFO_PREFIX = "";
			};
			name = Release;
		};
		E41387AB29C493D8000A07CC /* Debug */ = {
			isa = XCBuildConfiguration;
			buildSettings = {
				CODE_SIGN_STYLE = Automatic;
				CURRENT_PROJECT_VERSION = 1;
				DEFINES_MODULE = YES;
				DYLIB_COMPATIBILITY_VERSION = 1;
				DYLIB_CURRENT_VERSION = 1;
				DYLIB_INSTALL_NAME_BASE = "@rpath";
				GENERATE_INFOPLIST_FILE = YES;
				INFOPLIST_KEY_NSHumanReadableCopyright = "";
				INSTALL_PATH = "$(LOCAL_LIBRARY_DIR)/Frameworks";
				IPHONEOS_DEPLOYMENT_TARGET = 14.0;
				LD_RUNPATH_SEARCH_PATHS = (
					"$(inherited)",
					"@executable_path/Frameworks",
					"@loader_path/Frameworks",
				);
				MARKETING_VERSION = 1.0;
				PRODUCT_BUNDLE_IDENTIFIER = com.jaime.uribe.Domain;
				PRODUCT_NAME = "$(TARGET_NAME:c99extidentifier)";
				SKIP_INSTALL = YES;
				SWIFT_EMIT_LOC_STRINGS = YES;
				SWIFT_VERSION = 5.0;
				TARGETED_DEVICE_FAMILY = "1,2";
			};
			name = Debug;
		};
		E41387AC29C493D8000A07CC /* Release */ = {
			isa = XCBuildConfiguration;
			buildSettings = {
				CODE_SIGN_STYLE = Automatic;
				CURRENT_PROJECT_VERSION = 1;
				DEFINES_MODULE = YES;
				DYLIB_COMPATIBILITY_VERSION = 1;
				DYLIB_CURRENT_VERSION = 1;
				DYLIB_INSTALL_NAME_BASE = "@rpath";
				GENERATE_INFOPLIST_FILE = YES;
				INFOPLIST_KEY_NSHumanReadableCopyright = "";
				INSTALL_PATH = "$(LOCAL_LIBRARY_DIR)/Frameworks";
				IPHONEOS_DEPLOYMENT_TARGET = 14.0;
				LD_RUNPATH_SEARCH_PATHS = (
					"$(inherited)",
					"@executable_path/Frameworks",
					"@loader_path/Frameworks",
				);
				MARKETING_VERSION = 1.0;
				PRODUCT_BUNDLE_IDENTIFIER = com.jaime.uribe.Domain;
				PRODUCT_NAME = "$(TARGET_NAME:c99extidentifier)";
				SKIP_INSTALL = YES;
				SWIFT_EMIT_LOC_STRINGS = YES;
				SWIFT_VERSION = 5.0;
				TARGETED_DEVICE_FAMILY = "1,2";
			};
			name = Release;
		};
		E41387AE29C493D8000A07CC /* Debug */ = {
			isa = XCBuildConfiguration;
			buildSettings = {
				ALWAYS_EMBED_SWIFT_STANDARD_LIBRARIES = YES;
				CODE_SIGN_STYLE = Automatic;
				CURRENT_PROJECT_VERSION = 1;
				GENERATE_INFOPLIST_FILE = YES;
				MARKETING_VERSION = 1.0;
				PRODUCT_BUNDLE_IDENTIFIER = com.jaime.uribe.DomainTests;
				PRODUCT_NAME = "$(TARGET_NAME)";
				SWIFT_EMIT_LOC_STRINGS = NO;
				SWIFT_VERSION = 5.0;
				TARGETED_DEVICE_FAMILY = "1,2";
			};
			name = Debug;
		};
		E41387AF29C493D8000A07CC /* Release */ = {
			isa = XCBuildConfiguration;
			buildSettings = {
				ALWAYS_EMBED_SWIFT_STANDARD_LIBRARIES = YES;
				CODE_SIGN_STYLE = Automatic;
				CURRENT_PROJECT_VERSION = 1;
				GENERATE_INFOPLIST_FILE = YES;
				MARKETING_VERSION = 1.0;
				PRODUCT_BUNDLE_IDENTIFIER = com.jaime.uribe.DomainTests;
				PRODUCT_NAME = "$(TARGET_NAME)";
				SWIFT_EMIT_LOC_STRINGS = NO;
				SWIFT_VERSION = 5.0;
				TARGETED_DEVICE_FAMILY = "1,2";
			};
			name = Release;
		};
/* End XCBuildConfiguration section */

/* Begin XCConfigurationList section */
		E413879029C493D8000A07CC /* Build configuration list for PBXProject "Domain" */ = {
			isa = XCConfigurationList;
			buildConfigurations = (
				E41387A829C493D8000A07CC /* Debug */,
				E41387A929C493D8000A07CC /* Release */,
			);
			defaultConfigurationIsVisible = 0;
			defaultConfigurationName = Release;
		};
		E41387AA29C493D8000A07CC /* Build configuration list for PBXNativeTarget "Domain" */ = {
			isa = XCConfigurationList;
			buildConfigurations = (
				E41387AB29C493D8000A07CC /* Debug */,
				E41387AC29C493D8000A07CC /* Release */,
			);
			defaultConfigurationIsVisible = 0;
			defaultConfigurationName = Release;
		};
		E41387AD29C493D8000A07CC /* Build configuration list for PBXNativeTarget "DomainTests" */ = {
			isa = XCConfigurationList;
			buildConfigurations = (
				E41387AE29C493D8000A07CC /* Debug */,
				E41387AF29C493D8000A07CC /* Release */,
			);
			defaultConfigurationIsVisible = 0;
			defaultConfigurationName = Release;
		};
/* End XCConfigurationList section */
	};
	rootObject = E413878D29C493D8000A07CC /* Project object */;
}
