{
  "pins" : [
    {
      "identity" : "rappleprogresshud",
      "kind" : "remoteSourceControl",
      "location" : "https://github.com/rjeprasad/RappleProgressHUD.git",
      "state" : {
        "revision" : "1ef701c43feb0990e0d5e3521a4efa8a2ac40f7e",
        "version" : "4.1.0"
      }
    },
    {
      "identity" : "resolver",
      "kind" : "remoteSourceControl",
      "location" : "https://github.com/hmlongco/Resolver.git",
      "state" : {
        "branch" : "master",
        "revision" : "c1c5ce3f7b567d3f813ca341087658cf13795918"
      }
    }
  ],
  "version" : 2
}
